// !$*UTF8*$!
{
	archiveVersion = 1;
	classes = {
	};
	objectVersion = 46;
	objects = {

/* Begin PBXBuildFile section */
		D801177B198D64C200509A27 /* AppDelegate.swift in Sources */ = {isa = PBXBuildFile; fileRef = D801177A198D64C200509A27 /* AppDelegate.swift */; };
		D8011780198D64C200509A27 /* Main.storyboard in Resources */ = {isa = PBXBuildFile; fileRef = D801177E198D64C200509A27 /* Main.storyboard */; };
		D801178E198D64C200509A27 /* thewavesTests.swift in Sources */ = {isa = PBXBuildFile; fileRef = D801178D198D64C200509A27 /* thewavesTests.swift */; };
		D801B1641A3D172200C1751F /* DotCALayer.swift in Sources */ = {isa = PBXBuildFile; fileRef = D801B1621A3D172200C1751F /* DotCALayer.swift */; };
		D801B1651A3D172200C1751F /* LineChart.swift in Sources */ = {isa = PBXBuildFile; fileRef = D801B1631A3D172200C1751F /* LineChart.swift */; };
		D811E9201A06DD1200EF9035 /* YourSpotsCell.swift in Sources */ = {isa = PBXBuildFile; fileRef = D811E91F1A06DD1200EF9035 /* YourSpotsCell.swift */; };
		D818F3D3198EEE390098FE82 /* SpotLibrary.swift in Sources */ = {isa = PBXBuildFile; fileRef = D818F3D2198EEE390098FE82 /* SpotLibrary.swift */; };
		D81925631A48FE2700925B51 /* LICENSE in Resources */ = {isa = PBXBuildFile; fileRef = D81925621A48FE2700925B51 /* LICENSE */; };
		D81925661A48FE8600925B51 /* LICENSE2 in Resources */ = {isa = PBXBuildFile; fileRef = D81925651A48FE8600925B51 /* LICENSE2 */; };
		D819258A1A49020400925B51 /* LICENSE3 in Resources */ = {isa = PBXBuildFile; fileRef = D81925871A49020400925B51 /* LICENSE3 */; };
		D819258B1A49020400925B51 /* LPRTableView.swift in Sources */ = {isa = PBXBuildFile; fileRef = D81925881A49020400925B51 /* LPRTableView.swift */; };
		D82C59711A33E69600896BBA /* SpotDetailViewController.swift in Sources */ = {isa = PBXBuildFile; fileRef = D82C59701A33E69600896BBA /* SpotDetailViewController.swift */; };
		D83FA6171A701AB500EF8434 /* SwiftyJSON.swift in Sources */ = {isa = PBXBuildFile; fileRef = D83FA6161A701AB500EF8434 /* SwiftyJSON.swift */; };
		D83FA6191A701AC400EF8434 /* LICENSE4 in Resources */ = {isa = PBXBuildFile; fileRef = D83FA6181A701AC400EF8434 /* LICENSE4 */; };
		D84F16FC19C76E6E0050E4FC /* af-date-extension.swift in Sources */ = {isa = PBXBuildFile; fileRef = D84F16FB19C76E6E0050E4FC /* af-date-extension.swift */; };
		D86F621D198F02DF0070B713 /* YourSpotsTableViewController.swift in Sources */ = {isa = PBXBuildFile; fileRef = D86F621C198F02DF0070B713 /* YourSpotsTableViewController.swift */; };
		D8B5681619C8914E000817AA /* threading.swift in Sources */ = {isa = PBXBuildFile; fileRef = D8B5681519C8914E000817AA /* threading.swift */; };
		D8B63A3619C90027004A1398 /* networking.swift in Sources */ = {isa = PBXBuildFile; fileRef = D8B63A3519C90027004A1398 /* networking.swift */; };
		D8B89E131A47BFE100BBEAD5 /* Images.xcassets in Resources */ = {isa = PBXBuildFile; fileRef = D8B89E121A47BFE100BBEAD5 /* Images.xcassets */; };
		D8C3CB5E1A72B092005F542B /* Alamofire.framework in Copy Framework */ = {isa = PBXBuildFile; fileRef = D8C3CB591A72B062005F542B /* Alamofire.framework */; settings = {ATTRIBUTES = (CodeSignOnCopy, RemoveHeadersOnCopy, ); }; };
		D8F6636519D5EF87000B062C /* search.swift in Sources */ = {isa = PBXBuildFile; fileRef = D8F6636419D5EF87000B062C /* search.swift */; };
		D8F6636919D5F14F000B062C /* SearchForNewSpotsTableViewController.swift in Sources */ = {isa = PBXBuildFile; fileRef = D8F6636819D5F14F000B062C /* SearchForNewSpotsTableViewController.swift */; };
/* End PBXBuildFile section */

/* Begin PBXContainerItemProxy section */
		D8011788198D64C200509A27 /* PBXContainerItemProxy */ = {
			isa = PBXContainerItemProxy;
			containerPortal = D801176D198D64C200509A27 /* Project object */;
			proxyType = 1;
			remoteGlobalIDString = D8011774198D64C200509A27;
			remoteInfo = thewaves;
		};
		D8C3CB581A72B062005F542B /* PBXContainerItemProxy */ = {
			isa = PBXContainerItemProxy;
			containerPortal = D8C3CB521A72B062005F542B /* Alamofire.xcodeproj */;
			proxyType = 2;
			remoteGlobalIDString = F8111E3319A95C8B0040E7D1;
			remoteInfo = "Alamofire iOS";
		};
		D8C3CB5A1A72B062005F542B /* PBXContainerItemProxy */ = {
			isa = PBXContainerItemProxy;
			containerPortal = D8C3CB521A72B062005F542B /* Alamofire.xcodeproj */;
			proxyType = 2;
			remoteGlobalIDString = 4DD67C0B1A5C55C900ED2280;
			remoteInfo = "Alamofire OSX";
		};
		D8C3CB5C1A72B062005F542B /* PBXContainerItemProxy */ = {
			isa = PBXContainerItemProxy;
			containerPortal = D8C3CB521A72B062005F542B /* Alamofire.xcodeproj */;
			proxyType = 2;
			remoteGlobalIDString = F8111E3E19A95C8B0040E7D1;
			remoteInfo = AlamofireTests;
		};
		D8C3CB601A72B09E005F542B /* PBXContainerItemProxy */ = {
			isa = PBXContainerItemProxy;
			containerPortal = D8C3CB521A72B062005F542B /* Alamofire.xcodeproj */;
			proxyType = 1;
			remoteGlobalIDString = F8111E3219A95C8B0040E7D1;
			remoteInfo = "Alamofire iOS";
		};
/* End PBXContainerItemProxy section */

/* Begin PBXCopyFilesBuildPhase section */
		D846B0D61A70438C0092BC85 /* Copy Framework */ = {
			isa = PBXCopyFilesBuildPhase;
			buildActionMask = 2147483647;
			dstPath = "";
			dstSubfolderSpec = 10;
			files = (
				D8C3CB5E1A72B092005F542B /* Alamofire.framework in Copy Framework */,
			);
			name = "Copy Framework";
			runOnlyForDeploymentPostprocessing = 0;
		};
/* End PBXCopyFilesBuildPhase section */

/* Begin PBXFileReference section */
		D8011775198D64C200509A27 /* Freesurf.app */ = {isa = PBXFileReference; explicitFileType = wrapper.application; includeInIndex = 0; path = Freesurf.app; sourceTree = BUILT_PRODUCTS_DIR; };
		D8011779198D64C200509A27 /* Info.plist */ = {isa = PBXFileReference; lastKnownFileType = text.plist.xml; path = Info.plist; sourceTree = "<group>"; };
		D801177A198D64C200509A27 /* AppDelegate.swift */ = {isa = PBXFileReference; lastKnownFileType = sourcecode.swift; path = AppDelegate.swift; sourceTree = "<group>"; };
		D801177F198D64C200509A27 /* Base */ = {isa = PBXFileReference; lastKnownFileType = file.storyboard; name = Base; path = Base.lproj/Main.storyboard; sourceTree = "<group>"; };
		D8011787198D64C200509A27 /* FreesurfTests.xctest */ = {isa = PBXFileReference; explicitFileType = wrapper.cfbundle; includeInIndex = 0; path = FreesurfTests.xctest; sourceTree = BUILT_PRODUCTS_DIR; };
		D801178C198D64C200509A27 /* Info.plist */ = {isa = PBXFileReference; lastKnownFileType = text.plist.xml; path = Info.plist; sourceTree = "<group>"; };
		D801178D198D64C200509A27 /* thewavesTests.swift */ = {isa = PBXFileReference; lastKnownFileType = sourcecode.swift; path = thewavesTests.swift; sourceTree = "<group>"; };
		D801B1621A3D172200C1751F /* DotCALayer.swift */ = {isa = PBXFileReference; fileEncoding = 4; lastKnownFileType = sourcecode.swift; path = DotCALayer.swift; sourceTree = "<group>"; };
		D801B1631A3D172200C1751F /* LineChart.swift */ = {isa = PBXFileReference; fileEncoding = 4; lastKnownFileType = sourcecode.swift; path = LineChart.swift; sourceTree = "<group>"; };
		D811E91F1A06DD1200EF9035 /* YourSpotsCell.swift */ = {isa = PBXFileReference; fileEncoding = 4; lastKnownFileType = sourcecode.swift; path = YourSpotsCell.swift; sourceTree = "<group>"; };
		D818F3D2198EEE390098FE82 /* SpotLibrary.swift */ = {isa = PBXFileReference; fileEncoding = 4; lastKnownFileType = sourcecode.swift; path = SpotLibrary.swift; sourceTree = "<group>"; };
		D81925621A48FE2700925B51 /* LICENSE */ = {isa = PBXFileReference; fileEncoding = 4; lastKnownFileType = text; path = LICENSE; sourceTree = "<group>"; };
		D81925651A48FE8600925B51 /* LICENSE2 */ = {isa = PBXFileReference; fileEncoding = 4; lastKnownFileType = text; path = LICENSE2; sourceTree = "<group>"; };
		D81925871A49020400925B51 /* LICENSE3 */ = {isa = PBXFileReference; fileEncoding = 4; lastKnownFileType = text; path = LICENSE3; sourceTree = "<group>"; };
		D81925881A49020400925B51 /* LPRTableView.swift */ = {isa = PBXFileReference; fileEncoding = 4; lastKnownFileType = sourcecode.swift; path = LPRTableView.swift; sourceTree = "<group>"; };
		D82C59701A33E69600896BBA /* SpotDetailViewController.swift */ = {isa = PBXFileReference; fileEncoding = 4; lastKnownFileType = sourcecode.swift; path = SpotDetailViewController.swift; sourceTree = "<group>"; };
		D83FA6151A701AB500EF8434 /* SwiftyJSON.h */ = {isa = PBXFileReference; fileEncoding = 4; lastKnownFileType = sourcecode.c.h; path = SwiftyJSON.h; sourceTree = "<group>"; };
		D83FA6161A701AB500EF8434 /* SwiftyJSON.swift */ = {isa = PBXFileReference; fileEncoding = 4; lastKnownFileType = sourcecode.swift; path = SwiftyJSON.swift; sourceTree = "<group>"; };
		D83FA6181A701AC400EF8434 /* LICENSE4 */ = {isa = PBXFileReference; fileEncoding = 4; lastKnownFileType = text; path = LICENSE4; sourceTree = "<group>"; };
		D84F16FB19C76E6E0050E4FC /* af-date-extension.swift */ = {isa = PBXFileReference; fileEncoding = 4; lastKnownFileType = sourcecode.swift; path = "af-date-extension.swift"; sourceTree = "<group>"; };
		D86F621C198F02DF0070B713 /* YourSpotsTableViewController.swift */ = {isa = PBXFileReference; fileEncoding = 4; lastKnownFileType = sourcecode.swift; path = YourSpotsTableViewController.swift; sourceTree = "<group>"; };
		D8B5681519C8914E000817AA /* threading.swift */ = {isa = PBXFileReference; fileEncoding = 4; lastKnownFileType = sourcecode.swift; path = threading.swift; sourceTree = "<group>"; };
		D8B63A3519C90027004A1398 /* networking.swift */ = {isa = PBXFileReference; fileEncoding = 4; lastKnownFileType = sourcecode.swift; path = networking.swift; sourceTree = "<group>"; };
		D8B89E121A47BFE100BBEAD5 /* Images.xcassets */ = {isa = PBXFileReference; lastKnownFileType = folder.assetcatalog; name = Images.xcassets; path = freesurf/Images.xcassets; sourceTree = "<group>"; };
		D8C3CB521A72B062005F542B /* Alamofire.xcodeproj */ = {isa = PBXFileReference; lastKnownFileType = "wrapper.pb-project"; name = Alamofire.xcodeproj; path = alamofire/Alamofire.xcodeproj; sourceTree = "<group>"; };
		D8F6636419D5EF87000B062C /* search.swift */ = {isa = PBXFileReference; fileEncoding = 4; lastKnownFileType = sourcecode.swift; path = search.swift; sourceTree = "<group>"; };
		D8F6636819D5F14F000B062C /* SearchForNewSpotsTableViewController.swift */ = {isa = PBXFileReference; fileEncoding = 4; lastKnownFileType = sourcecode.swift; path = SearchForNewSpotsTableViewController.swift; sourceTree = "<group>"; };
/* End PBXFileReference section */

/* Begin PBXFrameworksBuildPhase section */
		D8011772198D64C200509A27 /* Frameworks */ = {
			isa = PBXFrameworksBuildPhase;
			buildActionMask = 2147483647;
			files = (
			);
			runOnlyForDeploymentPostprocessing = 0;
		};
		D8011784198D64C200509A27 /* Frameworks */ = {
			isa = PBXFrameworksBuildPhase;
			buildActionMask = 2147483647;
			files = (
			);
			runOnlyForDeploymentPostprocessing = 0;
		};
/* End PBXFrameworksBuildPhase section */

/* Begin PBXGroup section */
		D801176C198D64C200509A27 = {
			isa = PBXGroup;
			children = (
				D8011777198D64C200509A27 /* freesurf */,
				D801178A198D64C200509A27 /* freesurfTests */,
				D8011776198D64C200509A27 /* Products */,
				D8B89E121A47BFE100BBEAD5 /* Images.xcassets */,
				D8C3CB521A72B062005F542B /* Alamofire.xcodeproj */,
			);
			sourceTree = "<group>";
		};
		D8011776198D64C200509A27 /* Products */ = {
			isa = PBXGroup;
			children = (
				D8011775198D64C200509A27 /* Freesurf.app */,
				D8011787198D64C200509A27 /* FreesurfTests.xctest */,
			);
			name = Products;
			sourceTree = "<group>";
		};
		D8011777198D64C200509A27 /* freesurf */ = {
			isa = PBXGroup;
			children = (
				D84F16FA19C76E4E0050E4FC /* Libraries */,
				D86F621A198EFA9A0070B713 /* Models */,
				D86F621B198EFAAA0070B713 /* Views */,
				D86F6219198EFA910070B713 /* Controllers */,
				D8011778198D64C200509A27 /* Supporting Files */,
			);
			path = freesurf;
			sourceTree = "<group>";
		};
		D8011778198D64C200509A27 /* Supporting Files */ = {
			isa = PBXGroup;
			children = (
				D8011779198D64C200509A27 /* Info.plist */,
			);
			name = "Supporting Files";
			sourceTree = "<group>";
		};
		D801178A198D64C200509A27 /* freesurfTests */ = {
			isa = PBXGroup;
			children = (
				D801178D198D64C200509A27 /* thewavesTests.swift */,
				D801178B198D64C200509A27 /* Supporting Files */,
			);
			name = freesurfTests;
			path = thewavesTests;
			sourceTree = "<group>";
		};
		D801178B198D64C200509A27 /* Supporting Files */ = {
			isa = PBXGroup;
			children = (
				D801178C198D64C200509A27 /* Info.plist */,
			);
			name = "Supporting Files";
			sourceTree = "<group>";
		};
		D81925611A48FDDB00925B51 /* AF Date Helper */ = {
			isa = PBXGroup;
			children = (
				D81925621A48FE2700925B51 /* LICENSE */,
				D84F16FB19C76E6E0050E4FC /* af-date-extension.swift */,
			);
			name = "AF Date Helper";
			sourceTree = "<group>";
		};
		D81925641A48FE5500925B51 /* LineChart */ = {
			isa = PBXGroup;
			children = (
				D81925651A48FE8600925B51 /* LICENSE2 */,
				D801B1621A3D172200C1751F /* DotCALayer.swift */,
				D801B1631A3D172200C1751F /* LineChart.swift */,
			);
			name = LineChart;
			sourceTree = "<group>";
		};
		D81925851A49020400925B51 /* LPRTableView */ = {
			isa = PBXGroup;
			children = (
				D81925871A49020400925B51 /* LICENSE3 */,
				D81925881A49020400925B51 /* LPRTableView.swift */,
			);
			name = LPRTableView;
			path = "LPRTableView-master";
			sourceTree = "<group>";
		};
		D83FA6141A701AA900EF8434 /* SwiftyJSON */ = {
			isa = PBXGroup;
			children = (
				D83FA6181A701AC400EF8434 /* LICENSE4 */,
				D83FA6151A701AB500EF8434 /* SwiftyJSON.h */,
				D83FA6161A701AB500EF8434 /* SwiftyJSON.swift */,
			);
			name = SwiftyJSON;
			sourceTree = "<group>";
		};
		D84F16FA19C76E4E0050E4FC /* Libraries */ = {
			isa = PBXGroup;
			children = (
				D83FA6141A701AA900EF8434 /* SwiftyJSON */,
				D81925851A49020400925B51 /* LPRTableView */,
				D81925641A48FE5500925B51 /* LineChart */,
				D81925611A48FDDB00925B51 /* AF Date Helper */,
				D8B63A3519C90027004A1398 /* networking.swift */,
				D8B5681519C8914E000817AA /* threading.swift */,
				D8F6636419D5EF87000B062C /* search.swift */,
			);
			name = Libraries;
			sourceTree = "<group>";
		};
		D86F6219198EFA910070B713 /* Controllers */ = {
			isa = PBXGroup;
			children = (
				D8F6636819D5F14F000B062C /* SearchForNewSpotsTableViewController.swift */,
				D801177A198D64C200509A27 /* AppDelegate.swift */,
				D86F621C198F02DF0070B713 /* YourSpotsTableViewController.swift */,
				D82C59701A33E69600896BBA /* SpotDetailViewController.swift */,
			);
			name = Controllers;
			sourceTree = "<group>";
		};
		D86F621A198EFA9A0070B713 /* Models */ = {
			isa = PBXGroup;
			children = (
				D818F3D2198EEE390098FE82 /* SpotLibrary.swift */,
				D811E91F1A06DD1200EF9035 /* YourSpotsCell.swift */,
			);
			name = Models;
			sourceTree = "<group>";
		};
		D86F621B198EFAAA0070B713 /* Views */ = {
			isa = PBXGroup;
			children = (
				D801177E198D64C200509A27 /* Main.storyboard */,
			);
			name = Views;
			sourceTree = "<group>";
		};
		D8C3CB531A72B062005F542B /* Products */ = {
			isa = PBXGroup;
			children = (
				D8C3CB591A72B062005F542B /* Alamofire.framework */,
				D8C3CB5B1A72B062005F542B /* Alamofire.framework */,
				D8C3CB5D1A72B062005F542B /* AlamofireTests.xctest */,
			);
			name = Products;
			sourceTree = "<group>";
		};
/* End PBXGroup section */

/* Begin PBXNativeTarget section */
		D8011774198D64C200509A27 /* Freesurf */ = {
			isa = PBXNativeTarget;
			buildConfigurationList = D8011791198D64C200509A27 /* Build configuration list for PBXNativeTarget "Freesurf" */;
			buildPhases = (
				D8011771198D64C200509A27 /* Sources */,
				D8011772198D64C200509A27 /* Frameworks */,
				D8011773198D64C200509A27 /* Resources */,
				D846B0D61A70438C0092BC85 /* Copy Framework */,
			);
			buildRules = (
			);
			dependencies = (
				D8C3CB611A72B09E005F542B /* PBXTargetDependency */,
			);
			name = Freesurf;
			productName = thewaves;
			productReference = D8011775198D64C200509A27 /* Freesurf.app */;
			productType = "com.apple.product-type.application";
		};
		D8011786198D64C200509A27 /* FreesurfTests */ = {
			isa = PBXNativeTarget;
			buildConfigurationList = D8011794198D64C200509A27 /* Build configuration list for PBXNativeTarget "FreesurfTests" */;
			buildPhases = (
				D8011783198D64C200509A27 /* Sources */,
				D8011784198D64C200509A27 /* Frameworks */,
				D8011785198D64C200509A27 /* Resources */,
			);
			buildRules = (
			);
			dependencies = (
				D8011789198D64C200509A27 /* PBXTargetDependency */,
			);
			name = FreesurfTests;
			productName = thewavesTests;
			productReference = D8011787198D64C200509A27 /* FreesurfTests.xctest */;
			productType = "com.apple.product-type.bundle.unit-test";
		};
/* End PBXNativeTarget section */

/* Begin PBXProject section */
		D801176D198D64C200509A27 /* Project object */ = {
			isa = PBXProject;
			attributes = {
				LastUpgradeCheck = 0600;
				ORGANIZATIONNAME = "Sahand Nayebaziz";
				TargetAttributes = {
					D8011774198D64C200509A27 = {
						CreatedOnToolsVersion = 6.0;
						DevelopmentTeam = 3WQTW95Z2J;
					};
					D8011786198D64C200509A27 = {
						CreatedOnToolsVersion = 6.0;
						TestTargetID = D8011774198D64C200509A27;
					};
				};
			};
			buildConfigurationList = D8011770198D64C200509A27 /* Build configuration list for PBXProject "Freesurf" */;
			compatibilityVersion = "Xcode 3.2";
			developmentRegion = English;
			hasScannedForEncodings = 0;
			knownRegions = (
				en,
				Base,
			);
			mainGroup = D801176C198D64C200509A27;
			productRefGroup = D8011776198D64C200509A27 /* Products */;
			projectDirPath = "";
			projectReferences = (
				{
					ProductGroup = D8C3CB531A72B062005F542B /* Products */;
					ProjectRef = D8C3CB521A72B062005F542B /* Alamofire.xcodeproj */;
				},
			);
			projectRoot = "";
			targets = (
				D8011774198D64C200509A27 /* Freesurf */,
				D8011786198D64C200509A27 /* FreesurfTests */,
			);
		};
/* End PBXProject section */

/* Begin PBXReferenceProxy section */
		D8C3CB591A72B062005F542B /* Alamofire.framework */ = {
			isa = PBXReferenceProxy;
			fileType = wrapper.framework;
			path = Alamofire.framework;
			remoteRef = D8C3CB581A72B062005F542B /* PBXContainerItemProxy */;
			sourceTree = BUILT_PRODUCTS_DIR;
		};
		D8C3CB5B1A72B062005F542B /* Alamofire.framework */ = {
			isa = PBXReferenceProxy;
			fileType = wrapper.framework;
			path = Alamofire.framework;
			remoteRef = D8C3CB5A1A72B062005F542B /* PBXContainerItemProxy */;
			sourceTree = BUILT_PRODUCTS_DIR;
		};
		D8C3CB5D1A72B062005F542B /* AlamofireTests.xctest */ = {
			isa = PBXReferenceProxy;
			fileType = wrapper.cfbundle;
			path = AlamofireTests.xctest;
			remoteRef = D8C3CB5C1A72B062005F542B /* PBXContainerItemProxy */;
			sourceTree = BUILT_PRODUCTS_DIR;
		};
/* End PBXReferenceProxy section */

/* Begin PBXResourcesBuildPhase section */
		D8011773198D64C200509A27 /* Resources */ = {
			isa = PBXResourcesBuildPhase;
			buildActionMask = 2147483647;
			files = (
				D819258A1A49020400925B51 /* LICENSE3 in Resources */,
				D81925631A48FE2700925B51 /* LICENSE in Resources */,
				D81925661A48FE8600925B51 /* LICENSE2 in Resources */,
				D8011780198D64C200509A27 /* Main.storyboard in Resources */,
				D8B89E131A47BFE100BBEAD5 /* Images.xcassets in Resources */,
				D83FA6191A701AC400EF8434 /* LICENSE4 in Resources */,
			);
			runOnlyForDeploymentPostprocessing = 0;
		};
		D8011785198D64C200509A27 /* Resources */ = {
			isa = PBXResourcesBuildPhase;
			buildActionMask = 2147483647;
			files = (
			);
			runOnlyForDeploymentPostprocessing = 0;
		};
/* End PBXResourcesBuildPhase section */

/* Begin PBXSourcesBuildPhase section */
		D8011771198D64C200509A27 /* Sources */ = {
			isa = PBXSourcesBuildPhase;
			buildActionMask = 2147483647;
			files = (
				D86F621D198F02DF0070B713 /* YourSpotsTableViewController.swift in Sources */,
				D819258B1A49020400925B51 /* LPRTableView.swift in Sources */,
				D818F3D3198EEE390098FE82 /* SpotLibrary.swift in Sources */,
				D8B5681619C8914E000817AA /* threading.swift in Sources */,
				D8B63A3619C90027004A1398 /* networking.swift in Sources */,
				D83FA6171A701AB500EF8434 /* SwiftyJSON.swift in Sources */,
				D8F6636919D5F14F000B062C /* SearchForNewSpotsTableViewController.swift in Sources */,
				D8F6636519D5EF87000B062C /* search.swift in Sources */,
				D801B1641A3D172200C1751F /* DotCALayer.swift in Sources */,
				D84F16FC19C76E6E0050E4FC /* af-date-extension.swift in Sources */,
				D801B1651A3D172200C1751F /* LineChart.swift in Sources */,
				D801177B198D64C200509A27 /* AppDelegate.swift in Sources */,
				D82C59711A33E69600896BBA /* SpotDetailViewController.swift in Sources */,
				D811E9201A06DD1200EF9035 /* YourSpotsCell.swift in Sources */,
			);
			runOnlyForDeploymentPostprocessing = 0;
		};
		D8011783198D64C200509A27 /* Sources */ = {
			isa = PBXSourcesBuildPhase;
			buildActionMask = 2147483647;
			files = (
				D801178E198D64C200509A27 /* thewavesTests.swift in Sources */,
			);
			runOnlyForDeploymentPostprocessing = 0;
		};
/* End PBXSourcesBuildPhase section */

/* Begin PBXTargetDependency section */
		D8011789198D64C200509A27 /* PBXTargetDependency */ = {
			isa = PBXTargetDependency;
			target = D8011774198D64C200509A27 /* Freesurf */;
			targetProxy = D8011788198D64C200509A27 /* PBXContainerItemProxy */;
		};
		D8C3CB611A72B09E005F542B /* PBXTargetDependency */ = {
			isa = PBXTargetDependency;
			name = "Alamofire iOS";
			targetProxy = D8C3CB601A72B09E005F542B /* PBXContainerItemProxy */;
		};
/* End PBXTargetDependency section */

/* Begin PBXVariantGroup section */
		D801177E198D64C200509A27 /* Main.storyboard */ = {
			isa = PBXVariantGroup;
			children = (
				D801177F198D64C200509A27 /* Base */,
			);
			name = Main.storyboard;
			sourceTree = "<group>";
		};
/* End PBXVariantGroup section */

/* Begin XCBuildConfiguration section */
		D801178F198D64C200509A27 /* Debug */ = {
			isa = XCBuildConfiguration;
			buildSettings = {
				ALWAYS_SEARCH_USER_PATHS = NO;
				CLANG_CXX_LANGUAGE_STANDARD = "gnu++0x";
				CLANG_CXX_LIBRARY = "libc++";
				CLANG_ENABLE_MODULES = YES;
				CLANG_ENABLE_OBJC_ARC = YES;
				CLANG_WARN_BOOL_CONVERSION = YES;
				CLANG_WARN_CONSTANT_CONVERSION = YES;
				CLANG_WARN_DIRECT_OBJC_ISA_USAGE = YES_ERROR;
				CLANG_WARN_EMPTY_BODY = YES;
				CLANG_WARN_ENUM_CONVERSION = YES;
				CLANG_WARN_INT_CONVERSION = YES;
				CLANG_WARN_OBJC_ROOT_CLASS = YES_ERROR;
				CLANG_WARN_UNREACHABLE_CODE = YES;
				CLANG_WARN__DUPLICATE_METHOD_MATCH = YES;
				"CODE_SIGN_IDENTITY[sdk=iphoneos*]" = "iPhone Developer";
				COPY_PHASE_STRIP = NO;
				ENABLE_STRICT_OBJC_MSGSEND = YES;
				GCC_C_LANGUAGE_STANDARD = gnu99;
				GCC_DYNAMIC_NO_PIC = NO;
				GCC_OPTIMIZATION_LEVEL = 0;
				GCC_PREPROCESSOR_DEFINITIONS = (
					"DEBUG=1",
					"$(inherited)",
				);
				GCC_SYMBOLS_PRIVATE_EXTERN = NO;
				GCC_WARN_64_TO_32_BIT_CONVERSION = YES;
				GCC_WARN_ABOUT_RETURN_TYPE = YES_ERROR;
				GCC_WARN_UNDECLARED_SELECTOR = YES;
				GCC_WARN_UNINITIALIZED_AUTOS = YES_AGGRESSIVE;
				GCC_WARN_UNUSED_FUNCTION = YES;
				GCC_WARN_UNUSED_VARIABLE = YES;
				IPHONEOS_DEPLOYMENT_TARGET = 8.1;
				MTL_ENABLE_DEBUG_INFO = YES;
				ONLY_ACTIVE_ARCH = YES;
				SDKROOT = iphoneos;
				SWIFT_OPTIMIZATION_LEVEL = "-Onone";
			};
			name = Debug;
		};
		D8011790198D64C200509A27 /* Release */ = {
			isa = XCBuildConfiguration;
			buildSettings = {
				ALWAYS_SEARCH_USER_PATHS = NO;
				CLANG_CXX_LANGUAGE_STANDARD = "gnu++0x";
				CLANG_CXX_LIBRARY = "libc++";
				CLANG_ENABLE_MODULES = YES;
				CLANG_ENABLE_OBJC_ARC = YES;
				CLANG_WARN_BOOL_CONVERSION = YES;
				CLANG_WARN_CONSTANT_CONVERSION = YES;
				CLANG_WARN_DIRECT_OBJC_ISA_USAGE = YES_ERROR;
				CLANG_WARN_EMPTY_BODY = YES;
				CLANG_WARN_ENUM_CONVERSION = YES;
				CLANG_WARN_INT_CONVERSION = YES;
				CLANG_WARN_OBJC_ROOT_CLASS = YES_ERROR;
				CLANG_WARN_UNREACHABLE_CODE = YES;
				CLANG_WARN__DUPLICATE_METHOD_MATCH = YES;
				"CODE_SIGN_IDENTITY[sdk=iphoneos*]" = "iPhone Developer";
				COPY_PHASE_STRIP = YES;
				ENABLE_NS_ASSERTIONS = NO;
				ENABLE_STRICT_OBJC_MSGSEND = YES;
				GCC_C_LANGUAGE_STANDARD = gnu99;
				GCC_WARN_64_TO_32_BIT_CONVERSION = YES;
				GCC_WARN_ABOUT_RETURN_TYPE = YES_ERROR;
				GCC_WARN_UNDECLARED_SELECTOR = YES;
				GCC_WARN_UNINITIALIZED_AUTOS = YES_AGGRESSIVE;
				GCC_WARN_UNUSED_FUNCTION = YES;
				GCC_WARN_UNUSED_VARIABLE = YES;
				IPHONEOS_DEPLOYMENT_TARGET = 8.1;
				MTL_ENABLE_DEBUG_INFO = NO;
				SDKROOT = iphoneos;
				VALIDATE_PRODUCT = YES;
			};
			name = Release;
		};
		D8011792198D64C200509A27 /* Debug */ = {
			isa = XCBuildConfiguration;
			buildSettings = {
				ASSETCATALOG_COMPILER_APPICON_NAME = AppIcon;
				ASSETCATALOG_COMPILER_LAUNCHIMAGE_NAME = LaunchImage;
				CODE_SIGN_IDENTITY = "iPhone Developer";
				INFOPLIST_FILE = "$(SRCROOT)/freesurf/Info.plist";
				IPHONEOS_DEPLOYMENT_TARGET = 8.1;
				LD_RUNPATH_SEARCH_PATHS = "$(inherited) @executable_path/Frameworks";
				PRODUCT_NAME = Freesurf;
				TARGETED_DEVICE_FAMILY = 1;
			};
			name = Debug;
		};
		D8011793198D64C200509A27 /* Release */ = {
			isa = XCBuildConfiguration;
			buildSettings = {
				ASSETCATALOG_COMPILER_APPICON_NAME = AppIcon;
				ASSETCATALOG_COMPILER_LAUNCHIMAGE_NAME = LaunchImage;
				CODE_SIGN_IDENTITY = "iPhone Developer";
				INFOPLIST_FILE = "$(SRCROOT)/freesurf/Info.plist";
				IPHONEOS_DEPLOYMENT_TARGET = 8.1;
				LD_RUNPATH_SEARCH_PATHS = "$(inherited) @executable_path/Frameworks";
				PRODUCT_NAME = Freesurf;
				TARGETED_DEVICE_FAMILY = 1;
			};
			name = Release;
		};
		D8011795198D64C200509A27 /* Debug */ = {
			isa = XCBuildConfiguration;
			buildSettings = {
				BUNDLE_LOADER = "$(BUILT_PRODUCTS_DIR)/thewaves.app/thewaves";
				FRAMEWORK_SEARCH_PATHS = (
					"$(SDKROOT)/Developer/Library/Frameworks",
					"$(inherited)",
				);
				GCC_PREPROCESSOR_DEFINITIONS = (
					"DEBUG=1",
					"$(inherited)",
				);
				INFOPLIST_FILE = thewavesTests/Info.plist;
				LD_RUNPATH_SEARCH_PATHS = "$(inherited) @executable_path/Frameworks @loader_path/Frameworks";
				PRODUCT_NAME = FreesurfTests;
				TEST_HOST = "$(BUNDLE_LOADER)";
			};
			name = Debug;
		};
		D8011796198D64C200509A27 /* Release */ = {
			isa = XCBuildConfiguration;
			buildSettings = {
				BUNDLE_LOADER = "$(BUILT_PRODUCTS_DIR)/thewaves.app/thewaves";
				FRAMEWORK_SEARCH_PATHS = (
					"$(SDKROOT)/Developer/Library/Frameworks",
					"$(inherited)",
				);
				INFOPLIST_FILE = thewavesTests/Info.plist;
				LD_RUNPATH_SEARCH_PATHS = "$(inherited) @executable_path/Frameworks @loader_path/Frameworks";
				PRODUCT_NAME = FreesurfTests;
				TEST_HOST = "$(BUNDLE_LOADER)";
			};
			name = Release;
		};
/* End XCBuildConfiguration section */

/* Begin XCConfigurationList section */
		D8011770198D64C200509A27 /* Build configuration list for PBXProject "Freesurf" */ = {
			isa = XCConfigurationList;
			buildConfigurations = (
				D801178F198D64C200509A27 /* Debug */,
				D8011790198D64C200509A27 /* Release */,
			);
			defaultConfigurationIsVisible = 0;
			defaultConfigurationName = Release;
		};
		D8011791198D64C200509A27 /* Build configuration list for PBXNativeTarget "Freesurf" */ = {
			isa = XCConfigurationList;
			buildConfigurations = (
				D8011792198D64C200509A27 /* Debug */,
				D8011793198D64C200509A27 /* Release */,
			);
			defaultConfigurationIsVisible = 0;
			defaultConfigurationName = Release;
		};
		D8011794198D64C200509A27 /* Build configuration list for PBXNativeTarget "FreesurfTests" */ = {
			isa = XCConfigurationList;
			buildConfigurations = (
				D8011795198D64C200509A27 /* Debug */,
				D8011796198D64C200509A27 /* Release */,
			);
			defaultConfigurationIsVisible = 0;
			defaultConfigurationName = Release;
		};
/* End XCConfigurationList section */
	};
	rootObject = D801176D198D64C200509A27 /* Project object */;
}
