// !$*UTF8*$!
{
	archiveVersion = 1;
	classes = {
	};
	objectVersion = 46;
	objects = {

/* Begin PBXBuildFile section */
		CDC72E715630C59D8EE354A3 /* Pods_Freesurf.framework in Frameworks */ = {isa = PBXBuildFile; fileRef = C20502A1D64331763AF8B8C7 /* Pods_Freesurf.framework */; settings = {ATTRIBUTES = (Weak, ); }; };
		D800FE791BA8866C0068AE5E /* FSWKSpotData.swift in Sources */ = {isa = PBXBuildFile; fileRef = D800FE781BA8866C0068AE5E /* FSWKSpotData.swift */; settings = {ASSET_TAGS = (); }; };
		D800FE7C1BA88B4E0068AE5E /* SwiftyJSON.swift in Sources */ = {isa = PBXBuildFile; fileRef = D800FE7B1BA88B4E0068AE5E /* SwiftyJSON.swift */; settings = {ASSET_TAGS = (); }; };
		D800FE7D1BA88CD20068AE5E /* af-date-extension.swift in Sources */ = {isa = PBXBuildFile; fileRef = D84F16FB19C76E6E0050E4FC /* af-date-extension.swift */; settings = {ASSET_TAGS = (); }; };
		D800FE7F1BA8A5850068AE5E /* SpotData.swift in Sources */ = {isa = PBXBuildFile; fileRef = D800FE7E1BA8A5850068AE5E /* SpotData.swift */; settings = {ASSET_TAGS = (); }; };
		D800FE801BA8A5850068AE5E /* SpotData.swift in Sources */ = {isa = PBXBuildFile; fileRef = D800FE7E1BA8A5850068AE5E /* SpotData.swift */; settings = {ASSET_TAGS = (); }; };
		D800FE941BA907850068AE5E /* SpotDataTests.swift in Sources */ = {isa = PBXBuildFile; fileRef = D800FE931BA907850068AE5E /* SpotDataTests.swift */; settings = {ASSET_TAGS = (); }; };
		D800FE951BA9079A0068AE5E /* SpotData.swift in Sources */ = {isa = PBXBuildFile; fileRef = D800FE7E1BA8A5850068AE5E /* SpotData.swift */; settings = {ASSET_TAGS = (); }; };
		D801177B198D64C200509A27 /* AppDelegate.swift in Sources */ = {isa = PBXBuildFile; fileRef = D801177A198D64C200509A27 /* AppDelegate.swift */; };
		D8011780198D64C200509A27 /* Main.storyboard in Resources */ = {isa = PBXBuildFile; fileRef = D801177E198D64C200509A27 /* Main.storyboard */; };
		D801B1641A3D172200C1751F /* DotCALayer.swift in Sources */ = {isa = PBXBuildFile; fileRef = D801B1621A3D172200C1751F /* DotCALayer.swift */; };
		D801B1651A3D172200C1751F /* LineChart.swift in Sources */ = {isa = PBXBuildFile; fileRef = D801B1631A3D172200C1751F /* LineChart.swift */; };
		D811E9201A06DD1200EF9035 /* SpotCell.swift in Sources */ = {isa = PBXBuildFile; fileRef = D811E91F1A06DD1200EF9035 /* SpotCell.swift */; };
		D818F3D3198EEE390098FE82 /* SpotLibrary.swift in Sources */ = {isa = PBXBuildFile; fileRef = D818F3D2198EEE390098FE82 /* SpotLibrary.swift */; };
		D81925631A48FE2700925B51 /* LICENSE in Resources */ = {isa = PBXBuildFile; fileRef = D81925621A48FE2700925B51 /* LICENSE */; };
		D81925661A48FE8600925B51 /* LICENSE2 in Resources */ = {isa = PBXBuildFile; fileRef = D81925651A48FE8600925B51 /* LICENSE2 */; };
		D819258A1A49020400925B51 /* LICENSE3 in Resources */ = {isa = PBXBuildFile; fileRef = D81925871A49020400925B51 /* LICENSE3 */; };
		D819258B1A49020400925B51 /* LPRTableView.swift in Sources */ = {isa = PBXBuildFile; fileRef = D81925881A49020400925B51 /* LPRTableView.swift */; };
		D82503AF1A7C8F0E009B8598 /* SpotCellViewModel.swift in Sources */ = {isa = PBXBuildFile; fileRef = D82503AE1A7C8F0E009B8598 /* SpotCellViewModel.swift */; };
		D82AACBE1A7EAB3D00D2ED5B /* DetailViewModel.swift in Sources */ = {isa = PBXBuildFile; fileRef = D82AACBD1A7EAB3D00D2ED5B /* DetailViewModel.swift */; };
		D82C59711A33E69600896BBA /* DetailViewController.swift in Sources */ = {isa = PBXBuildFile; fileRef = D82C59701A33E69600896BBA /* DetailViewController.swift */; };
		D83FA6171A701AB500EF8434 /* SwiftyJSON.swift in Sources */ = {isa = PBXBuildFile; fileRef = D83FA6161A701AB500EF8434 /* SwiftyJSON.swift */; };
		D83FA6191A701AC400EF8434 /* LICENSE4 in Resources */ = {isa = PBXBuildFile; fileRef = D83FA6181A701AC400EF8434 /* LICENSE4 */; };
		D84F16FC19C76E6E0050E4FC /* af-date-extension.swift in Sources */ = {isa = PBXBuildFile; fileRef = D84F16FB19C76E6E0050E4FC /* af-date-extension.swift */; };
		D86544EA1BA364B2000965DD /* Launch Screen.storyboard in Resources */ = {isa = PBXBuildFile; fileRef = D86544E91BA364B2000965DD /* Launch Screen.storyboard */; settings = {ASSET_TAGS = (); }; };
		D86F621D198F02DF0070B713 /* SpotsTableViewController.swift in Sources */ = {isa = PBXBuildFile; fileRef = D86F621C198F02DF0070B713 /* SpotsTableViewController.swift */; };
		D8792D231BA93D300035FB6D /* FSWKTopSpotRow.swift in Sources */ = {isa = PBXBuildFile; fileRef = D8792D221BA93D300035FB6D /* FSWKTopSpotRow.swift */; settings = {ASSET_TAGS = (); }; };
		D881DF861BACC48200957780 /* FSWKDefaultSpotRow.swift in Sources */ = {isa = PBXBuildFile; fileRef = D881DF851BACC48200957780 /* FSWKDefaultSpotRow.swift */; settings = {ASSET_TAGS = (); }; };
		D8B5681619C8914E000817AA /* threading.swift in Sources */ = {isa = PBXBuildFile; fileRef = D8B5681519C8914E000817AA /* threading.swift */; };
		D8B63A3619C90027004A1398 /* reachability.swift in Sources */ = {isa = PBXBuildFile; fileRef = D8B63A3519C90027004A1398 /* reachability.swift */; };
		D8B89E131A47BFE100BBEAD5 /* Images.xcassets in Resources */ = {isa = PBXBuildFile; fileRef = D8B89E121A47BFE100BBEAD5 /* Images.xcassets */; };
		D8CA15611BA7E7A30017AF82 /* Interface.storyboard in Resources */ = {isa = PBXBuildFile; fileRef = D8CA155F1BA7E7A30017AF82 /* Interface.storyboard */; };
		D8CA15631BA7E7A30017AF82 /* Assets.xcassets in Resources */ = {isa = PBXBuildFile; fileRef = D8CA15621BA7E7A30017AF82 /* Assets.xcassets */; };
		D8CA156A1BA7E7A30017AF82 /* FSWatchKit Extension.appex in Embed App Extensions */ = {isa = PBXBuildFile; fileRef = D8CA15691BA7E7A30017AF82 /* FSWatchKit Extension.appex */; settings = {ATTRIBUTES = (RemoveHeadersOnCopy, ); }; };
		D8CA15731BA7E7A40017AF82 /* ExtensionDelegate.swift in Sources */ = {isa = PBXBuildFile; fileRef = D8CA15721BA7E7A30017AF82 /* ExtensionDelegate.swift */; };
		D8CA15751BA7E7A40017AF82 /* NotificationController.swift in Sources */ = {isa = PBXBuildFile; fileRef = D8CA15741BA7E7A40017AF82 /* NotificationController.swift */; };
		D8CA15771BA7E7A40017AF82 /* GlanceController.swift in Sources */ = {isa = PBXBuildFile; fileRef = D8CA15761BA7E7A40017AF82 /* GlanceController.swift */; };
		D8CA15791BA7E7A40017AF82 /* ComplicationController.swift in Sources */ = {isa = PBXBuildFile; fileRef = D8CA15781BA7E7A40017AF82 /* ComplicationController.swift */; };
		D8CA157B1BA7E7A40017AF82 /* Assets.xcassets in Resources */ = {isa = PBXBuildFile; fileRef = D8CA157A1BA7E7A40017AF82 /* Assets.xcassets */; };
		D8CA157F1BA7E7A40017AF82 /* FSWatchKit.app in Embed Watch Content */ = {isa = PBXBuildFile; fileRef = D8CA155D1BA7E7A30017AF82 /* FSWatchKit.app */; };
		D8CA158C1BA7F04E0017AF82 /* FSDefaultsManager.swift in Sources */ = {isa = PBXBuildFile; fileRef = D8CA158B1BA7F04E0017AF82 /* FSDefaultsManager.swift */; settings = {ASSET_TAGS = (); }; };
		D8CA158E1BA7F51C0017AF82 /* FSWKDataManager.swift in Sources */ = {isa = PBXBuildFile; fileRef = D8CA158D1BA7F51C0017AF82 /* FSWKDataManager.swift */; settings = {ASSET_TAGS = (); }; };
		D8CA15901BA802270017AF82 /* FSWKSpotPreview.swift in Sources */ = {isa = PBXBuildFile; fileRef = D8CA158F1BA802270017AF82 /* FSWKSpotPreview.swift */; settings = {ASSET_TAGS = (); }; };
		D8CA15941BA807650017AF82 /* FSWKSurfReportInterfaceController.swift in Sources */ = {isa = PBXBuildFile; fileRef = D8CA15931BA807650017AF82 /* FSWKSurfReportInterfaceController.swift */; settings = {ASSET_TAGS = (); }; };
		D8F6636519D5EF87000B062C /* search.swift in Sources */ = {isa = PBXBuildFile; fileRef = D8F6636419D5EF87000B062C /* search.swift */; };
		D8F6636919D5F14F000B062C /* SearchTableViewController.swift in Sources */ = {isa = PBXBuildFile; fileRef = D8F6636819D5F14F000B062C /* SearchTableViewController.swift */; };
		F4387DE7F81240DC13DF299F /* Pods_FSWatchKit_Extension.framework in Frameworks */ = {isa = PBXBuildFile; fileRef = 54AA1BFEF91E0092F29756EB /* Pods_FSWatchKit_Extension.framework */; settings = {ATTRIBUTES = (Weak, ); }; };
/* End PBXBuildFile section */

/* Begin PBXContainerItemProxy section */
		D800FE8D1BA9076A0068AE5E /* PBXContainerItemProxy */ = {
			isa = PBXContainerItemProxy;
			containerPortal = D801176D198D64C200509A27 /* Project object */;
			proxyType = 1;
			remoteGlobalIDString = D8011774198D64C200509A27;
			remoteInfo = Freesurf;
		};
		D8CA156B1BA7E7A30017AF82 /* PBXContainerItemProxy */ = {
			isa = PBXContainerItemProxy;
			containerPortal = D801176D198D64C200509A27 /* Project object */;
			proxyType = 1;
			remoteGlobalIDString = D8CA15681BA7E7A30017AF82;
			remoteInfo = "FSWatchKit Extension";
		};
		D8CA157D1BA7E7A40017AF82 /* PBXContainerItemProxy */ = {
			isa = PBXContainerItemProxy;
			containerPortal = D801176D198D64C200509A27 /* Project object */;
			proxyType = 1;
			remoteGlobalIDString = D8CA155C1BA7E7A30017AF82;
			remoteInfo = FSWatchKit;
		};
/* End PBXContainerItemProxy section */

/* Begin PBXCopyFilesBuildPhase section */
		D846B0D61A70438C0092BC85 /* Copy Framework */ = {
			isa = PBXCopyFilesBuildPhase;
			buildActionMask = 2147483647;
			dstPath = "";
			dstSubfolderSpec = 10;
			files = (
			);
			name = "Copy Framework";
			runOnlyForDeploymentPostprocessing = 0;
		};
		D8CA15851BA7E7A40017AF82 /* Embed App Extensions */ = {
			isa = PBXCopyFilesBuildPhase;
			buildActionMask = 2147483647;
			dstPath = "";
			dstSubfolderSpec = 13;
			files = (
				D8CA156A1BA7E7A30017AF82 /* FSWatchKit Extension.appex in Embed App Extensions */,
			);
			name = "Embed App Extensions";
			runOnlyForDeploymentPostprocessing = 0;
		};
		D8CA15871BA7E7A40017AF82 /* Embed Watch Content */ = {
			isa = PBXCopyFilesBuildPhase;
			buildActionMask = 2147483647;
			dstPath = "$(CONTENTS_FOLDER_PATH)/Watch";
			dstSubfolderSpec = 16;
			files = (
				D8CA157F1BA7E7A40017AF82 /* FSWatchKit.app in Embed Watch Content */,
			);
			name = "Embed Watch Content";
			runOnlyForDeploymentPostprocessing = 0;
		};
/* End PBXCopyFilesBuildPhase section */

/* Begin PBXFileReference section */
		3344B5140C73A89983C244B1 /* Pods-FSWatchKit Extension.debug.xcconfig */ = {isa = PBXFileReference; includeInIndex = 1; lastKnownFileType = text.xcconfig; name = "Pods-FSWatchKit Extension.debug.xcconfig"; path = "Pods/Target Support Files/Pods-FSWatchKit Extension/Pods-FSWatchKit Extension.debug.xcconfig"; sourceTree = "<group>"; };
		4F42357909E7EA812AB154E3 /* Pods-Freesurf.release.xcconfig */ = {isa = PBXFileReference; includeInIndex = 1; lastKnownFileType = text.xcconfig; name = "Pods-Freesurf.release.xcconfig"; path = "Pods/Target Support Files/Pods-Freesurf/Pods-Freesurf.release.xcconfig"; sourceTree = "<group>"; };
		54AA1BFEF91E0092F29756EB /* Pods_FSWatchKit_Extension.framework */ = {isa = PBXFileReference; explicitFileType = wrapper.framework; includeInIndex = 0; path = Pods_FSWatchKit_Extension.framework; sourceTree = BUILT_PRODUCTS_DIR; };
		5D7835E548297477963A4875 /* Pods-FSWatchKit Extension.release.xcconfig */ = {isa = PBXFileReference; includeInIndex = 1; lastKnownFileType = text.xcconfig; name = "Pods-FSWatchKit Extension.release.xcconfig"; path = "Pods/Target Support Files/Pods-FSWatchKit Extension/Pods-FSWatchKit Extension.release.xcconfig"; sourceTree = "<group>"; };
		C20502A1D64331763AF8B8C7 /* Pods_Freesurf.framework */ = {isa = PBXFileReference; explicitFileType = wrapper.framework; includeInIndex = 0; path = Pods_Freesurf.framework; sourceTree = BUILT_PRODUCTS_DIR; };
		C5645533FF61AB9CCF95D447 /* Pods-Freesurf.debug.xcconfig */ = {isa = PBXFileReference; includeInIndex = 1; lastKnownFileType = text.xcconfig; name = "Pods-Freesurf.debug.xcconfig"; path = "Pods/Target Support Files/Pods-Freesurf/Pods-Freesurf.debug.xcconfig"; sourceTree = "<group>"; };
		D800FE781BA8866C0068AE5E /* FSWKSpotData.swift */ = {isa = PBXFileReference; fileEncoding = 4; lastKnownFileType = sourcecode.swift; path = FSWKSpotData.swift; sourceTree = "<group>"; };
		D800FE7B1BA88B4E0068AE5E /* SwiftyJSON.swift */ = {isa = PBXFileReference; fileEncoding = 4; lastKnownFileType = sourcecode.swift; path = SwiftyJSON.swift; sourceTree = "<group>"; };
		D800FE7E1BA8A5850068AE5E /* SpotData.swift */ = {isa = PBXFileReference; fileEncoding = 4; lastKnownFileType = sourcecode.swift; path = SpotData.swift; sourceTree = "<group>"; };
		D800FE881BA9076A0068AE5E /* FreesurfTests.xctest */ = {isa = PBXFileReference; explicitFileType = wrapper.cfbundle; includeInIndex = 0; path = FreesurfTests.xctest; sourceTree = BUILT_PRODUCTS_DIR; };
		D800FE8C1BA9076A0068AE5E /* Info.plist */ = {isa = PBXFileReference; lastKnownFileType = text.plist.xml; path = Info.plist; sourceTree = "<group>"; };
		D800FE921BA907850068AE5E /* FreesurfTests-Bridging-Header.h */ = {isa = PBXFileReference; lastKnownFileType = sourcecode.c.h; path = "FreesurfTests-Bridging-Header.h"; sourceTree = "<group>"; };
		D800FE931BA907850068AE5E /* SpotDataTests.swift */ = {isa = PBXFileReference; fileEncoding = 4; lastKnownFileType = sourcecode.swift; name = SpotDataTests.swift; path = freesurfTests/SpotDataTests.swift; sourceTree = SOURCE_ROOT; };
		D8011775198D64C200509A27 /* Freesurf.app */ = {isa = PBXFileReference; explicitFileType = wrapper.application; includeInIndex = 0; path = Freesurf.app; sourceTree = BUILT_PRODUCTS_DIR; };
		D8011779198D64C200509A27 /* Info.plist */ = {isa = PBXFileReference; lastKnownFileType = text.plist.xml; path = Info.plist; sourceTree = "<group>"; };
		D801177A198D64C200509A27 /* AppDelegate.swift */ = {isa = PBXFileReference; lastKnownFileType = sourcecode.swift; path = AppDelegate.swift; sourceTree = "<group>"; };
		D801177F198D64C200509A27 /* Base */ = {isa = PBXFileReference; lastKnownFileType = file.storyboard; name = Base; path = Base.lproj/Main.storyboard; sourceTree = "<group>"; };
		D801B1621A3D172200C1751F /* DotCALayer.swift */ = {isa = PBXFileReference; fileEncoding = 4; lastKnownFileType = sourcecode.swift; path = DotCALayer.swift; sourceTree = "<group>"; };
		D801B1631A3D172200C1751F /* LineChart.swift */ = {isa = PBXFileReference; fileEncoding = 4; lastKnownFileType = sourcecode.swift; path = LineChart.swift; sourceTree = "<group>"; };
		D811E91F1A06DD1200EF9035 /* SpotCell.swift */ = {isa = PBXFileReference; fileEncoding = 4; lastKnownFileType = sourcecode.swift; path = SpotCell.swift; sourceTree = "<group>"; };
		D818F3D2198EEE390098FE82 /* SpotLibrary.swift */ = {isa = PBXFileReference; fileEncoding = 4; lastKnownFileType = sourcecode.swift; path = SpotLibrary.swift; sourceTree = "<group>"; };
		D81925621A48FE2700925B51 /* LICENSE */ = {isa = PBXFileReference; fileEncoding = 4; lastKnownFileType = text; path = LICENSE; sourceTree = "<group>"; };
		D81925651A48FE8600925B51 /* LICENSE2 */ = {isa = PBXFileReference; fileEncoding = 4; lastKnownFileType = text; path = LICENSE2; sourceTree = "<group>"; };
		D81925871A49020400925B51 /* LICENSE3 */ = {isa = PBXFileReference; fileEncoding = 4; lastKnownFileType = text; path = LICENSE3; sourceTree = "<group>"; };
		D81925881A49020400925B51 /* LPRTableView.swift */ = {isa = PBXFileReference; fileEncoding = 4; lastKnownFileType = sourcecode.swift; path = LPRTableView.swift; sourceTree = "<group>"; };
		D82503AE1A7C8F0E009B8598 /* SpotCellViewModel.swift */ = {isa = PBXFileReference; fileEncoding = 4; lastKnownFileType = sourcecode.swift; path = SpotCellViewModel.swift; sourceTree = "<group>"; };
		D82AACBD1A7EAB3D00D2ED5B /* DetailViewModel.swift */ = {isa = PBXFileReference; fileEncoding = 4; lastKnownFileType = sourcecode.swift; path = DetailViewModel.swift; sourceTree = "<group>"; };
		D82C59701A33E69600896BBA /* DetailViewController.swift */ = {isa = PBXFileReference; fileEncoding = 4; lastKnownFileType = sourcecode.swift; path = DetailViewController.swift; sourceTree = "<group>"; };
		D83FA6151A701AB500EF8434 /* SwiftyJSON.h */ = {isa = PBXFileReference; fileEncoding = 4; lastKnownFileType = sourcecode.c.h; path = SwiftyJSON.h; sourceTree = "<group>"; };
		D83FA6161A701AB500EF8434 /* SwiftyJSON.swift */ = {isa = PBXFileReference; fileEncoding = 4; lastKnownFileType = sourcecode.swift; path = SwiftyJSON.swift; sourceTree = "<group>"; };
		D83FA6181A701AC400EF8434 /* LICENSE4 */ = {isa = PBXFileReference; fileEncoding = 4; lastKnownFileType = text; path = LICENSE4; sourceTree = "<group>"; };
		D84F16FB19C76E6E0050E4FC /* af-date-extension.swift */ = {isa = PBXFileReference; fileEncoding = 4; lastKnownFileType = sourcecode.swift; path = "af-date-extension.swift"; sourceTree = "<group>"; };
		D86544E91BA364B2000965DD /* Launch Screen.storyboard */ = {isa = PBXFileReference; fileEncoding = 4; lastKnownFileType = file.storyboard; path = "Launch Screen.storyboard"; sourceTree = "<group>"; };
		D86F621C198F02DF0070B713 /* SpotsTableViewController.swift */ = {isa = PBXFileReference; fileEncoding = 4; lastKnownFileType = sourcecode.swift; path = SpotsTableViewController.swift; sourceTree = "<group>"; };
		D8792D221BA93D300035FB6D /* FSWKTopSpotRow.swift */ = {isa = PBXFileReference; fileEncoding = 4; lastKnownFileType = sourcecode.swift; path = FSWKTopSpotRow.swift; sourceTree = "<group>"; };
		D881DF851BACC48200957780 /* FSWKDefaultSpotRow.swift */ = {isa = PBXFileReference; fileEncoding = 4; lastKnownFileType = sourcecode.swift; path = FSWKDefaultSpotRow.swift; sourceTree = "<group>"; };
		D8B5681519C8914E000817AA /* threading.swift */ = {isa = PBXFileReference; fileEncoding = 4; lastKnownFileType = sourcecode.swift; path = threading.swift; sourceTree = "<group>"; };
		D8B63A3519C90027004A1398 /* reachability.swift */ = {isa = PBXFileReference; fileEncoding = 4; lastKnownFileType = sourcecode.swift; path = reachability.swift; sourceTree = "<group>"; };
		D8B89E121A47BFE100BBEAD5 /* Images.xcassets */ = {isa = PBXFileReference; lastKnownFileType = folder.assetcatalog; name = Images.xcassets; path = freesurf/Images.xcassets; sourceTree = "<group>"; };
		D8CA155D1BA7E7A30017AF82 /* FSWatchKit.app */ = {isa = PBXFileReference; explicitFileType = wrapper.application; includeInIndex = 0; path = FSWatchKit.app; sourceTree = BUILT_PRODUCTS_DIR; };
		D8CA15601BA7E7A30017AF82 /* Base */ = {isa = PBXFileReference; lastKnownFileType = file.storyboard; name = Base; path = Base.lproj/Interface.storyboard; sourceTree = "<group>"; };
		D8CA15621BA7E7A30017AF82 /* Assets.xcassets */ = {isa = PBXFileReference; lastKnownFileType = folder.assetcatalog; path = Assets.xcassets; sourceTree = "<group>"; };
		D8CA15641BA7E7A30017AF82 /* Info.plist */ = {isa = PBXFileReference; lastKnownFileType = text.plist.xml; path = Info.plist; sourceTree = "<group>"; };
		D8CA15691BA7E7A30017AF82 /* FSWatchKit Extension.appex */ = {isa = PBXFileReference; explicitFileType = "wrapper.app-extension"; includeInIndex = 0; path = "FSWatchKit Extension.appex"; sourceTree = BUILT_PRODUCTS_DIR; };
		D8CA156F1BA7E7A30017AF82 /* PushNotificationPayload.apns */ = {isa = PBXFileReference; lastKnownFileType = text; path = PushNotificationPayload.apns; sourceTree = "<group>"; };
		D8CA15721BA7E7A30017AF82 /* ExtensionDelegate.swift */ = {isa = PBXFileReference; lastKnownFileType = sourcecode.swift; path = ExtensionDelegate.swift; sourceTree = "<group>"; };
		D8CA15741BA7E7A40017AF82 /* NotificationController.swift */ = {isa = PBXFileReference; lastKnownFileType = sourcecode.swift; path = NotificationController.swift; sourceTree = "<group>"; };
		D8CA15761BA7E7A40017AF82 /* GlanceController.swift */ = {isa = PBXFileReference; lastKnownFileType = sourcecode.swift; path = GlanceController.swift; sourceTree = "<group>"; };
		D8CA15781BA7E7A40017AF82 /* ComplicationController.swift */ = {isa = PBXFileReference; lastKnownFileType = sourcecode.swift; path = ComplicationController.swift; sourceTree = "<group>"; };
		D8CA157A1BA7E7A40017AF82 /* Assets.xcassets */ = {isa = PBXFileReference; lastKnownFileType = folder.assetcatalog; path = Assets.xcassets; sourceTree = "<group>"; };
		D8CA157C1BA7E7A40017AF82 /* Info.plist */ = {isa = PBXFileReference; lastKnownFileType = text.plist.xml; path = Info.plist; sourceTree = "<group>"; };
		D8CA15881BA7E93F0017AF82 /* Freesurf.entitlements */ = {isa = PBXFileReference; lastKnownFileType = text.xml; name = Freesurf.entitlements; path = Freesurf/Freesurf.entitlements; sourceTree = "<group>"; };
		D8CA15891BA7E9620017AF82 /* FSWatchKit Extension.entitlements */ = {isa = PBXFileReference; lastKnownFileType = text.xml; path = "FSWatchKit Extension.entitlements"; sourceTree = "<group>"; };
		D8CA158A1BA7E96D0017AF82 /* FSWatchKit.entitlements */ = {isa = PBXFileReference; lastKnownFileType = text.xml; path = FSWatchKit.entitlements; sourceTree = "<group>"; };
		D8CA158B1BA7F04E0017AF82 /* FSDefaultsManager.swift */ = {isa = PBXFileReference; fileEncoding = 4; lastKnownFileType = sourcecode.swift; path = FSDefaultsManager.swift; sourceTree = "<group>"; };
		D8CA158D1BA7F51C0017AF82 /* FSWKDataManager.swift */ = {isa = PBXFileReference; fileEncoding = 4; lastKnownFileType = sourcecode.swift; path = FSWKDataManager.swift; sourceTree = "<group>"; };
		D8CA158F1BA802270017AF82 /* FSWKSpotPreview.swift */ = {isa = PBXFileReference; fileEncoding = 4; lastKnownFileType = sourcecode.swift; path = FSWKSpotPreview.swift; sourceTree = "<group>"; };
		D8CA15931BA807650017AF82 /* FSWKSurfReportInterfaceController.swift */ = {isa = PBXFileReference; fileEncoding = 4; lastKnownFileType = sourcecode.swift; path = FSWKSurfReportInterfaceController.swift; sourceTree = "<group>"; };
		D8F6636419D5EF87000B062C /* search.swift */ = {isa = PBXFileReference; fileEncoding = 4; lastKnownFileType = sourcecode.swift; path = search.swift; sourceTree = "<group>"; };
		D8F6636819D5F14F000B062C /* SearchTableViewController.swift */ = {isa = PBXFileReference; fileEncoding = 4; lastKnownFileType = sourcecode.swift; path = SearchTableViewController.swift; sourceTree = "<group>"; };
/* End PBXFileReference section */

/* Begin PBXFrameworksBuildPhase section */
		D800FE851BA9076A0068AE5E /* Frameworks */ = {
			isa = PBXFrameworksBuildPhase;
			buildActionMask = 2147483647;
			files = (
			);
			runOnlyForDeploymentPostprocessing = 0;
		};
		D8011772198D64C200509A27 /* Frameworks */ = {
			isa = PBXFrameworksBuildPhase;
			buildActionMask = 2147483647;
			files = (
				CDC72E715630C59D8EE354A3 /* Pods_Freesurf.framework in Frameworks */,
			);
			runOnlyForDeploymentPostprocessing = 0;
		};
		D8CA15661BA7E7A30017AF82 /* Frameworks */ = {
			isa = PBXFrameworksBuildPhase;
			buildActionMask = 2147483647;
			files = (
				F4387DE7F81240DC13DF299F /* Pods_FSWatchKit_Extension.framework in Frameworks */,
			);
			runOnlyForDeploymentPostprocessing = 0;
		};
/* End PBXFrameworksBuildPhase section */

/* Begin PBXGroup section */
		3290522024CDFE37A8AE2273 /* Pods */ = {
			isa = PBXGroup;
			children = (
				C5645533FF61AB9CCF95D447 /* Pods-Freesurf.debug.xcconfig */,
				4F42357909E7EA812AB154E3 /* Pods-Freesurf.release.xcconfig */,
				3344B5140C73A89983C244B1 /* Pods-FSWatchKit Extension.debug.xcconfig */,
				5D7835E548297477963A4875 /* Pods-FSWatchKit Extension.release.xcconfig */,
			);
			name = Pods;
			sourceTree = "<group>";
		};
		C39C92BDBC638E5CC39823D2 /* Frameworks */ = {
			isa = PBXGroup;
			children = (
				C20502A1D64331763AF8B8C7 /* Pods_Freesurf.framework */,
				54AA1BFEF91E0092F29756EB /* Pods_FSWatchKit_Extension.framework */,
			);
			name = Frameworks;
			sourceTree = "<group>";
		};
		D800FE7A1BA88B3D0068AE5E /* Libraries */ = {
			isa = PBXGroup;
			children = (
				D800FE7B1BA88B4E0068AE5E /* SwiftyJSON.swift */,
			);
			name = Libraries;
			sourceTree = "<group>";
		};
		D800FE891BA9076A0068AE5E /* FreesurfTests */ = {
			isa = PBXGroup;
			children = (
				D800FE8C1BA9076A0068AE5E /* Info.plist */,
				D800FE931BA907850068AE5E /* SpotDataTests.swift */,
				D800FE921BA907850068AE5E /* FreesurfTests-Bridging-Header.h */,
			);
			path = FreesurfTests;
			sourceTree = "<group>";
		};
		D801176C198D64C200509A27 = {
			isa = PBXGroup;
			children = (
				D8CA15881BA7E93F0017AF82 /* Freesurf.entitlements */,
				D8011777198D64C200509A27 /* freesurf */,
				D800FE891BA9076A0068AE5E /* FreesurfTests */,
				D8CA155E1BA7E7A30017AF82 /* FSWatchKit */,
				D8CA156D1BA7E7A30017AF82 /* FSWatchKit Extension */,
				D8011776198D64C200509A27 /* Products */,
				D8B89E121A47BFE100BBEAD5 /* Images.xcassets */,
				3290522024CDFE37A8AE2273 /* Pods */,
				C39C92BDBC638E5CC39823D2 /* Frameworks */,
			);
			sourceTree = "<group>";
		};
		D8011776198D64C200509A27 /* Products */ = {
			isa = PBXGroup;
			children = (
				D8011775198D64C200509A27 /* Freesurf.app */,
				D8CA155D1BA7E7A30017AF82 /* FSWatchKit.app */,
				D8CA15691BA7E7A30017AF82 /* FSWatchKit Extension.appex */,
				D800FE881BA9076A0068AE5E /* FreesurfTests.xctest */,
			);
			name = Products;
			sourceTree = "<group>";
		};
		D8011777198D64C200509A27 /* freesurf */ = {
			isa = PBXGroup;
			children = (
				D84F16FA19C76E4E0050E4FC /* Libraries */,
				D86F621A198EFA9A0070B713 /* Models */,
				D86F621B198EFAAA0070B713 /* Views */,
				D86F6219198EFA910070B713 /* Controllers */,
				D8011778198D64C200509A27 /* Supporting Files */,
			);
			path = freesurf;
			sourceTree = "<group>";
		};
		D8011778198D64C200509A27 /* Supporting Files */ = {
			isa = PBXGroup;
			children = (
				D8011779198D64C200509A27 /* Info.plist */,
			);
			path = "Supporting Files";
			sourceTree = "<group>";
		};
		D81925611A48FDDB00925B51 /* AF Date Helper */ = {
			isa = PBXGroup;
			children = (
				D81925621A48FE2700925B51 /* LICENSE */,
				D84F16FB19C76E6E0050E4FC /* af-date-extension.swift */,
			);
			path = "AF Date Helper";
			sourceTree = "<group>";
		};
		D81925641A48FE5500925B51 /* LineChart */ = {
			isa = PBXGroup;
			children = (
				D81925651A48FE8600925B51 /* LICENSE2 */,
				D801B1621A3D172200C1751F /* DotCALayer.swift */,
				D801B1631A3D172200C1751F /* LineChart.swift */,
			);
			path = LineChart;
			sourceTree = "<group>";
		};
		D81925851A49020400925B51 /* LPRTableView */ = {
			isa = PBXGroup;
			children = (
				D81925871A49020400925B51 /* LICENSE3 */,
				D81925881A49020400925B51 /* LPRTableView.swift */,
			);
			path = LPRTableView;
			sourceTree = "<group>";
		};
		D83FA6141A701AA900EF8434 /* SwiftyJSON */ = {
			isa = PBXGroup;
			children = (
				D83FA6181A701AC400EF8434 /* LICENSE4 */,
				D83FA6151A701AB500EF8434 /* SwiftyJSON.h */,
				D83FA6161A701AB500EF8434 /* SwiftyJSON.swift */,
			);
			path = SwiftyJSON;
			sourceTree = "<group>";
		};
		D84F16FA19C76E4E0050E4FC /* Libraries */ = {
			isa = PBXGroup;
			children = (
				D83FA6141A701AA900EF8434 /* SwiftyJSON */,
				D81925851A49020400925B51 /* LPRTableView */,
				D81925641A48FE5500925B51 /* LineChart */,
				D81925611A48FDDB00925B51 /* AF Date Helper */,
				D8B63A3519C90027004A1398 /* reachability.swift */,
				D8B5681519C8914E000817AA /* threading.swift */,
				D8F6636419D5EF87000B062C /* search.swift */,
			);
			path = Libraries;
			sourceTree = "<group>";
		};
		D86F6219198EFA910070B713 /* Controllers */ = {
			isa = PBXGroup;
			children = (
				D801177A198D64C200509A27 /* AppDelegate.swift */,
				D82C59701A33E69600896BBA /* DetailViewController.swift */,
				D8F6636819D5F14F000B062C /* SearchTableViewController.swift */,
				D86F621C198F02DF0070B713 /* SpotsTableViewController.swift */,
				D8CA158B1BA7F04E0017AF82 /* FSDefaultsManager.swift */,
			);
			path = Controllers;
			sourceTree = "<group>";
		};
		D86F621A198EFA9A0070B713 /* Models */ = {
			isa = PBXGroup;
			children = (
				D82AACBD1A7EAB3D00D2ED5B /* DetailViewModel.swift */,
				D811E91F1A06DD1200EF9035 /* SpotCell.swift */,
				D82503AE1A7C8F0E009B8598 /* SpotCellViewModel.swift */,
				D818F3D2198EEE390098FE82 /* SpotLibrary.swift */,
				D800FE7E1BA8A5850068AE5E /* SpotData.swift */,
			);
			path = Models;
			sourceTree = "<group>";
		};
		D86F621B198EFAAA0070B713 /* Views */ = {
			isa = PBXGroup;
			children = (
				D801177E198D64C200509A27 /* Main.storyboard */,
				D86544E91BA364B2000965DD /* Launch Screen.storyboard */,
			);
			path = Views;
			sourceTree = "<group>";
		};
		D8CA155E1BA7E7A30017AF82 /* FSWatchKit */ = {
			isa = PBXGroup;
			children = (
				D8CA158A1BA7E96D0017AF82 /* FSWatchKit.entitlements */,
				D8CA155F1BA7E7A30017AF82 /* Interface.storyboard */,
				D8CA15621BA7E7A30017AF82 /* Assets.xcassets */,
				D8CA15641BA7E7A30017AF82 /* Info.plist */,
			);
			path = FSWatchKit;
			sourceTree = "<group>";
		};
		D8CA156D1BA7E7A30017AF82 /* FSWatchKit Extension */ = {
			isa = PBXGroup;
			children = (
				D8CA15891BA7E9620017AF82 /* FSWatchKit Extension.entitlements */,
				D8CA15911BA802430017AF82 /* Models */,
				D8CA15971BA808C20017AF82 /* Views */,
				D8CA15921BA802550017AF82 /* Controllers */,
				D800FE7A1BA88B3D0068AE5E /* Libraries */,
				D8CA157A1BA7E7A40017AF82 /* Assets.xcassets */,
				D8CA157C1BA7E7A40017AF82 /* Info.plist */,
				D8CA156E1BA7E7A30017AF82 /* Supporting Files */,
			);
			path = "FSWatchKit Extension";
			sourceTree = "<group>";
		};
		D8CA156E1BA7E7A30017AF82 /* Supporting Files */ = {
			isa = PBXGroup;
			children = (
				D8CA156F1BA7E7A30017AF82 /* PushNotificationPayload.apns */,
			);
			name = "Supporting Files";
			sourceTree = "<group>";
		};
		D8CA15911BA802430017AF82 /* Models */ = {
			isa = PBXGroup;
			children = (
				D8CA158F1BA802270017AF82 /* FSWKSpotPreview.swift */,
				D800FE781BA8866C0068AE5E /* FSWKSpotData.swift */,
			);
			name = Models;
			sourceTree = "<group>";
		};
		D8CA15921BA802550017AF82 /* Controllers */ = {
			isa = PBXGroup;
			children = (
				D8CA15721BA7E7A30017AF82 /* ExtensionDelegate.swift */,
				D8CA15741BA7E7A40017AF82 /* NotificationController.swift */,
				D8CA15761BA7E7A40017AF82 /* GlanceController.swift */,
				D8CA15781BA7E7A40017AF82 /* ComplicationController.swift */,
				D8CA158D1BA7F51C0017AF82 /* FSWKDataManager.swift */,
				D8CA15931BA807650017AF82 /* FSWKSurfReportInterfaceController.swift */,
			);
			name = Controllers;
			sourceTree = "<group>";
		};
		D8CA15971BA808C20017AF82 /* Views */ = {
			isa = PBXGroup;
			children = (
				D8792D221BA93D300035FB6D /* FSWKTopSpotRow.swift */,
				D881DF851BACC48200957780 /* FSWKDefaultSpotRow.swift */,
			);
			name = Views;
			sourceTree = "<group>";
		};
/* End PBXGroup section */

/* Begin PBXNativeTarget section */
		D800FE871BA9076A0068AE5E /* FreesurfTests */ = {
			isa = PBXNativeTarget;
			buildConfigurationList = D800FE8F1BA9076A0068AE5E /* Build configuration list for PBXNativeTarget "FreesurfTests" */;
			buildPhases = (
				D800FE841BA9076A0068AE5E /* Sources */,
				D800FE851BA9076A0068AE5E /* Frameworks */,
				D800FE861BA9076A0068AE5E /* Resources */,
			);
			buildRules = (
			);
			dependencies = (
				D800FE8E1BA9076A0068AE5E /* PBXTargetDependency */,
			);
			name = FreesurfTests;
			productName = FreesurfTests;
			productReference = D800FE881BA9076A0068AE5E /* FreesurfTests.xctest */;
			productType = "com.apple.product-type.bundle.unit-test";
		};
		D8011774198D64C200509A27 /* Freesurf */ = {
			isa = PBXNativeTarget;
			buildConfigurationList = D8011791198D64C200509A27 /* Build configuration list for PBXNativeTarget "Freesurf" */;
			buildPhases = (
				BC9AAE6134438C1281777978 /* Check Pods Manifest.lock */,
				D8011771198D64C200509A27 /* Sources */,
				D8011772198D64C200509A27 /* Frameworks */,
				D8011773198D64C200509A27 /* Resources */,
				D846B0D61A70438C0092BC85 /* Copy Framework */,
				780C55BA86C7EE588DC92B75 /* Embed Pods Frameworks */,
				42DB404B4362507CC29E00A6 /* Copy Pods Resources */,
				D8CA15871BA7E7A40017AF82 /* Embed Watch Content */,
			);
			buildRules = (
			);
			dependencies = (
				D8CA157E1BA7E7A40017AF82 /* PBXTargetDependency */,
			);
			name = Freesurf;
			productName = thewaves;
			productReference = D8011775198D64C200509A27 /* Freesurf.app */;
			productType = "com.apple.product-type.application";
		};
		D8CA155C1BA7E7A30017AF82 /* FSWatchKit */ = {
			isa = PBXNativeTarget;
			buildConfigurationList = D8CA15861BA7E7A40017AF82 /* Build configuration list for PBXNativeTarget "FSWatchKit" */;
			buildPhases = (
				D8CA155B1BA7E7A30017AF82 /* Resources */,
				D8CA15851BA7E7A40017AF82 /* Embed App Extensions */,
			);
			buildRules = (
			);
			dependencies = (
				D8CA156C1BA7E7A30017AF82 /* PBXTargetDependency */,
			);
			name = FSWatchKit;
			productName = FSWatchKit;
			productReference = D8CA155D1BA7E7A30017AF82 /* FSWatchKit.app */;
			productType = "com.apple.product-type.application.watchapp2";
		};
		D8CA15681BA7E7A30017AF82 /* FSWatchKit Extension */ = {
			isa = PBXNativeTarget;
			buildConfigurationList = D8CA15841BA7E7A40017AF82 /* Build configuration list for PBXNativeTarget "FSWatchKit Extension" */;
			buildPhases = (
				6D1263F2FB69C3E27CC97B31 /* Check Pods Manifest.lock */,
				D8CA15651BA7E7A30017AF82 /* Sources */,
				D8CA15661BA7E7A30017AF82 /* Frameworks */,
				D8CA15671BA7E7A30017AF82 /* Resources */,
				7ADFF89540BB356D0AFDF515 /* Embed Pods Frameworks */,
				EB188E11ACD8FE6781BD6754 /* Copy Pods Resources */,
			);
			buildRules = (
			);
			dependencies = (
			);
			name = "FSWatchKit Extension";
			productName = "FSWatchKit Extension";
			productReference = D8CA15691BA7E7A30017AF82 /* FSWatchKit Extension.appex */;
			productType = "com.apple.product-type.watchkit2-extension";
		};
/* End PBXNativeTarget section */

/* Begin PBXProject section */
		D801176D198D64C200509A27 /* Project object */ = {
			isa = PBXProject;
			attributes = {
				LastSwiftMigration = 0700;
				LastSwiftUpdateCheck = 0700;
				LastUpgradeCheck = 0700;
				ORGANIZATIONNAME = "Sahand Nayebaziz";
				TargetAttributes = {
					D800FE871BA9076A0068AE5E = {
						CreatedOnToolsVersion = 7.0;
						TestTargetID = D8011774198D64C200509A27;
					};
					D8011774198D64C200509A27 = {
						CreatedOnToolsVersion = 6.0;
						DevelopmentTeam = 3WQTW95Z2J;
						SystemCapabilities = {
							com.apple.ApplicationGroups.iOS = {
								enabled = 1;
							};
						};
					};
					D8CA155C1BA7E7A30017AF82 = {
						CreatedOnToolsVersion = 7.0;
						DevelopmentTeam = 3WQTW95Z2J;
						SystemCapabilities = {
							com.apple.ApplicationGroups.iOS = {
								enabled = 1;
							};
						};
					};
					D8CA15681BA7E7A30017AF82 = {
						CreatedOnToolsVersion = 7.0;
						DevelopmentTeam = 3WQTW95Z2J;
						SystemCapabilities = {
							com.apple.ApplicationGroups.iOS = {
								enabled = 1;
							};
						};
					};
				};
			};
			buildConfigurationList = D8011770198D64C200509A27 /* Build configuration list for PBXProject "Freesurf" */;
			compatibilityVersion = "Xcode 3.2";
			developmentRegion = English;
			hasScannedForEncodings = 0;
			knownRegions = (
				en,
				Base,
			);
			mainGroup = D801176C198D64C200509A27;
			productRefGroup = D8011776198D64C200509A27 /* Products */;
			projectDirPath = "";
			projectRoot = "";
			targets = (
				D8011774198D64C200509A27 /* Freesurf */,
				D8CA155C1BA7E7A30017AF82 /* FSWatchKit */,
				D8CA15681BA7E7A30017AF82 /* FSWatchKit Extension */,
				D800FE871BA9076A0068AE5E /* FreesurfTests */,
			);
		};
/* End PBXProject section */

/* Begin PBXResourcesBuildPhase section */
		D800FE861BA9076A0068AE5E /* Resources */ = {
			isa = PBXResourcesBuildPhase;
			buildActionMask = 2147483647;
			files = (
			);
			runOnlyForDeploymentPostprocessing = 0;
		};
		D8011773198D64C200509A27 /* Resources */ = {
			isa = PBXResourcesBuildPhase;
			buildActionMask = 2147483647;
			files = (
				D819258A1A49020400925B51 /* LICENSE3 in Resources */,
				D81925631A48FE2700925B51 /* LICENSE in Resources */,
				D81925661A48FE8600925B51 /* LICENSE2 in Resources */,
				D8011780198D64C200509A27 /* Main.storyboard in Resources */,
				D8B89E131A47BFE100BBEAD5 /* Images.xcassets in Resources */,
				D83FA6191A701AC400EF8434 /* LICENSE4 in Resources */,
				D86544EA1BA364B2000965DD /* Launch Screen.storyboard in Resources */,
			);
			runOnlyForDeploymentPostprocessing = 0;
		};
		D8CA155B1BA7E7A30017AF82 /* Resources */ = {
			isa = PBXResourcesBuildPhase;
			buildActionMask = 2147483647;
			files = (
				D8CA15631BA7E7A30017AF82 /* Assets.xcassets in Resources */,
				D8CA15611BA7E7A30017AF82 /* Interface.storyboard in Resources */,
			);
			runOnlyForDeploymentPostprocessing = 0;
		};
		D8CA15671BA7E7A30017AF82 /* Resources */ = {
			isa = PBXResourcesBuildPhase;
			buildActionMask = 2147483647;
			files = (
				D8CA157B1BA7E7A40017AF82 /* Assets.xcassets in Resources */,
			);
			runOnlyForDeploymentPostprocessing = 0;
		};
/* End PBXResourcesBuildPhase section */

/* Begin PBXShellScriptBuildPhase section */
		42DB404B4362507CC29E00A6 /* Copy Pods Resources */ = {
			isa = PBXShellScriptBuildPhase;
			buildActionMask = 2147483647;
			files = (
			);
			inputPaths = (
			);
			name = "Copy Pods Resources";
			outputPaths = (
			);
			runOnlyForDeploymentPostprocessing = 0;
			shellPath = /bin/sh;
			shellScript = "\"${SRCROOT}/Pods/Target Support Files/Pods-Freesurf/Pods-Freesurf-resources.sh\"\n";
			showEnvVarsInLog = 0;
		};
		6D1263F2FB69C3E27CC97B31 /* Check Pods Manifest.lock */ = {
			isa = PBXShellScriptBuildPhase;
			buildActionMask = 2147483647;
			files = (
			);
			inputPaths = (
			);
			name = "Check Pods Manifest.lock";
			outputPaths = (
			);
			runOnlyForDeploymentPostprocessing = 0;
			shellPath = /bin/sh;
			shellScript = "diff \"${PODS_ROOT}/../Podfile.lock\" \"${PODS_ROOT}/Manifest.lock\" > /dev/null\nif [[ $? != 0 ]] ; then\n    cat << EOM\nerror: The sandbox is not in sync with the Podfile.lock. Run 'pod install' or update your CocoaPods installation.\nEOM\n    exit 1\nfi\n";
			showEnvVarsInLog = 0;
		};
		780C55BA86C7EE588DC92B75 /* Embed Pods Frameworks */ = {
			isa = PBXShellScriptBuildPhase;
			buildActionMask = 2147483647;
			files = (
			);
			inputPaths = (
			);
			name = "Embed Pods Frameworks";
			outputPaths = (
			);
			runOnlyForDeploymentPostprocessing = 0;
			shellPath = /bin/sh;
			shellScript = "\"${SRCROOT}/Pods/Target Support Files/Pods-Freesurf/Pods-Freesurf-frameworks.sh\"\n";
			showEnvVarsInLog = 0;
		};
		7ADFF89540BB356D0AFDF515 /* Embed Pods Frameworks */ = {
			isa = PBXShellScriptBuildPhase;
			buildActionMask = 2147483647;
			files = (
			);
			inputPaths = (
			);
			name = "Embed Pods Frameworks";
			outputPaths = (
			);
			runOnlyForDeploymentPostprocessing = 0;
			shellPath = /bin/sh;
			shellScript = "\"${SRCROOT}/Pods/Target Support Files/Pods-FSWatchKit Extension/Pods-FSWatchKit Extension-frameworks.sh\"\n";
			showEnvVarsInLog = 0;
		};
		BC9AAE6134438C1281777978 /* Check Pods Manifest.lock */ = {
			isa = PBXShellScriptBuildPhase;
			buildActionMask = 2147483647;
			files = (
			);
			inputPaths = (
			);
			name = "Check Pods Manifest.lock";
			outputPaths = (
			);
			runOnlyForDeploymentPostprocessing = 0;
			shellPath = /bin/sh;
			shellScript = "diff \"${PODS_ROOT}/../Podfile.lock\" \"${PODS_ROOT}/Manifest.lock\" > /dev/null\nif [[ $? != 0 ]] ; then\n    cat << EOM\nerror: The sandbox is not in sync with the Podfile.lock. Run 'pod install' or update your CocoaPods installation.\nEOM\n    exit 1\nfi\n";
			showEnvVarsInLog = 0;
		};
		EB188E11ACD8FE6781BD6754 /* Copy Pods Resources */ = {
			isa = PBXShellScriptBuildPhase;
			buildActionMask = 2147483647;
			files = (
			);
			inputPaths = (
			);
			name = "Copy Pods Resources";
			outputPaths = (
			);
			runOnlyForDeploymentPostprocessing = 0;
			shellPath = /bin/sh;
			shellScript = "\"${SRCROOT}/Pods/Target Support Files/Pods-FSWatchKit Extension/Pods-FSWatchKit Extension-resources.sh\"\n";
			showEnvVarsInLog = 0;
		};
/* End PBXShellScriptBuildPhase section */

/* Begin PBXSourcesBuildPhase section */
		D800FE841BA9076A0068AE5E /* Sources */ = {
			isa = PBXSourcesBuildPhase;
			buildActionMask = 2147483647;
			files = (
				D800FE941BA907850068AE5E /* SpotDataTests.swift in Sources */,
				D800FE951BA9079A0068AE5E /* SpotData.swift in Sources */,
			);
			runOnlyForDeploymentPostprocessing = 0;
		};
		D8011771198D64C200509A27 /* Sources */ = {
			isa = PBXSourcesBuildPhase;
			buildActionMask = 2147483647;
			files = (
				D86F621D198F02DF0070B713 /* SpotsTableViewController.swift in Sources */,
				D819258B1A49020400925B51 /* LPRTableView.swift in Sources */,
				D818F3D3198EEE390098FE82 /* SpotLibrary.swift in Sources */,
				D8B5681619C8914E000817AA /* threading.swift in Sources */,
				D8B63A3619C90027004A1398 /* reachability.swift in Sources */,
				D83FA6171A701AB500EF8434 /* SwiftyJSON.swift in Sources */,
				D8F6636919D5F14F000B062C /* SearchTableViewController.swift in Sources */,
				D8F6636519D5EF87000B062C /* search.swift in Sources */,
				D8CA158C1BA7F04E0017AF82 /* FSDefaultsManager.swift in Sources */,
				D801B1641A3D172200C1751F /* DotCALayer.swift in Sources */,
				D84F16FC19C76E6E0050E4FC /* af-date-extension.swift in Sources */,
				D82503AF1A7C8F0E009B8598 /* SpotCellViewModel.swift in Sources */,
				D801B1651A3D172200C1751F /* LineChart.swift in Sources */,
				D800FE7F1BA8A5850068AE5E /* SpotData.swift in Sources */,
				D801177B198D64C200509A27 /* AppDelegate.swift in Sources */,
				D82C59711A33E69600896BBA /* DetailViewController.swift in Sources */,
				D811E9201A06DD1200EF9035 /* SpotCell.swift in Sources */,
				D82AACBE1A7EAB3D00D2ED5B /* DetailViewModel.swift in Sources */,
			);
			runOnlyForDeploymentPostprocessing = 0;
		};
		D8CA15651BA7E7A30017AF82 /* Sources */ = {
			isa = PBXSourcesBuildPhase;
			buildActionMask = 2147483647;
			files = (
				D8CA15941BA807650017AF82 /* FSWKSurfReportInterfaceController.swift in Sources */,
				D800FE791BA8866C0068AE5E /* FSWKSpotData.swift in Sources */,
				D800FE7C1BA88B4E0068AE5E /* SwiftyJSON.swift in Sources */,
				D8CA158E1BA7F51C0017AF82 /* FSWKDataManager.swift in Sources */,
				D8CA15901BA802270017AF82 /* FSWKSpotPreview.swift in Sources */,
				D8CA15751BA7E7A40017AF82 /* NotificationController.swift in Sources */,
				D800FE801BA8A5850068AE5E /* SpotData.swift in Sources */,
				D8CA15731BA7E7A40017AF82 /* ExtensionDelegate.swift in Sources */,
				D800FE7D1BA88CD20068AE5E /* af-date-extension.swift in Sources */,
				D881DF861BACC48200957780 /* FSWKDefaultSpotRow.swift in Sources */,
				D8CA15791BA7E7A40017AF82 /* ComplicationController.swift in Sources */,
				D8CA15771BA7E7A40017AF82 /* GlanceController.swift in Sources */,
				D8792D231BA93D300035FB6D /* FSWKTopSpotRow.swift in Sources */,
			);
			runOnlyForDeploymentPostprocessing = 0;
		};
/* End PBXSourcesBuildPhase section */

/* Begin PBXTargetDependency section */
		D800FE8E1BA9076A0068AE5E /* PBXTargetDependency */ = {
			isa = PBXTargetDependency;
			target = D8011774198D64C200509A27 /* Freesurf */;
			targetProxy = D800FE8D1BA9076A0068AE5E /* PBXContainerItemProxy */;
		};
		D8CA156C1BA7E7A30017AF82 /* PBXTargetDependency */ = {
			isa = PBXTargetDependency;
			target = D8CA15681BA7E7A30017AF82 /* FSWatchKit Extension */;
			targetProxy = D8CA156B1BA7E7A30017AF82 /* PBXContainerItemProxy */;
		};
		D8CA157E1BA7E7A40017AF82 /* PBXTargetDependency */ = {
			isa = PBXTargetDependency;
			target = D8CA155C1BA7E7A30017AF82 /* FSWatchKit */;
			targetProxy = D8CA157D1BA7E7A40017AF82 /* PBXContainerItemProxy */;
		};
/* End PBXTargetDependency section */

/* Begin PBXVariantGroup section */
		D801177E198D64C200509A27 /* Main.storyboard */ = {
			isa = PBXVariantGroup;
			children = (
				D801177F198D64C200509A27 /* Base */,
			);
			name = Main.storyboard;
			path = .;
			sourceTree = "<group>";
		};
		D8CA155F1BA7E7A30017AF82 /* Interface.storyboard */ = {
			isa = PBXVariantGroup;
			children = (
				D8CA15601BA7E7A30017AF82 /* Base */,
			);
			name = Interface.storyboard;
			sourceTree = "<group>";
		};
/* End PBXVariantGroup section */

/* Begin XCBuildConfiguration section */
		D800FE901BA9076A0068AE5E /* Debug */ = {
			isa = XCBuildConfiguration;
			buildSettings = {
				BUNDLE_LOADER = "$(TEST_HOST)";
				CLANG_ENABLE_MODULES = YES;
				DEBUG_INFORMATION_FORMAT = dwarf;
				GCC_NO_COMMON_BLOCKS = YES;
				INFOPLIST_FILE = FreesurfTests/Info.plist;
				IPHONEOS_DEPLOYMENT_TARGET = 9.0;
				LD_RUNPATH_SEARCH_PATHS = "$(inherited) @executable_path/Frameworks @loader_path/Frameworks";
				PRODUCT_BUNDLE_IDENTIFIER = me.sahand.FreesurfTests;
				PRODUCT_NAME = "$(TARGET_NAME)";
				SWIFT_OBJC_BRIDGING_HEADER = "FreesurfTests/FreesurfTests-Bridging-Header.h";
				SWIFT_OPTIMIZATION_LEVEL = "-Onone";
				TEST_HOST = "$(BUILT_PRODUCTS_DIR)/Freesurf.app/Freesurf";
			};
			name = Debug;
		};
		D800FE911BA9076A0068AE5E /* Release */ = {
			isa = XCBuildConfiguration;
			buildSettings = {
				BUNDLE_LOADER = "$(TEST_HOST)";
				CLANG_ENABLE_MODULES = YES;
				COPY_PHASE_STRIP = NO;
				DEBUG_INFORMATION_FORMAT = "dwarf-with-dsym";
				GCC_NO_COMMON_BLOCKS = YES;
				INFOPLIST_FILE = FreesurfTests/Info.plist;
				IPHONEOS_DEPLOYMENT_TARGET = 9.0;
				LD_RUNPATH_SEARCH_PATHS = "$(inherited) @executable_path/Frameworks @loader_path/Frameworks";
				PRODUCT_BUNDLE_IDENTIFIER = me.sahand.FreesurfTests;
				PRODUCT_NAME = "$(TARGET_NAME)";
				SWIFT_OBJC_BRIDGING_HEADER = "FreesurfTests/FreesurfTests-Bridging-Header.h";
				TEST_HOST = "$(BUILT_PRODUCTS_DIR)/Freesurf.app/Freesurf";
			};
			name = Release;
		};
		D801178F198D64C200509A27 /* Debug */ = {
			isa = XCBuildConfiguration;
			buildSettings = {
				ALWAYS_SEARCH_USER_PATHS = NO;
				CLANG_CXX_LANGUAGE_STANDARD = "gnu++0x";
				CLANG_CXX_LIBRARY = "libc++";
				CLANG_ENABLE_MODULES = YES;
				CLANG_ENABLE_OBJC_ARC = YES;
				CLANG_WARN_BOOL_CONVERSION = YES;
				CLANG_WARN_CONSTANT_CONVERSION = YES;
				CLANG_WARN_DIRECT_OBJC_ISA_USAGE = YES_ERROR;
				CLANG_WARN_EMPTY_BODY = YES;
				CLANG_WARN_ENUM_CONVERSION = YES;
				CLANG_WARN_INT_CONVERSION = YES;
				CLANG_WARN_OBJC_ROOT_CLASS = YES_ERROR;
				CLANG_WARN_UNREACHABLE_CODE = YES;
				CLANG_WARN__DUPLICATE_METHOD_MATCH = YES;
				"CODE_SIGN_IDENTITY[sdk=iphoneos*]" = "iPhone Developer";
				COPY_PHASE_STRIP = NO;
				ENABLE_STRICT_OBJC_MSGSEND = YES;
				ENABLE_TESTABILITY = YES;
				GCC_C_LANGUAGE_STANDARD = gnu99;
				GCC_DYNAMIC_NO_PIC = NO;
				GCC_OPTIMIZATION_LEVEL = 0;
				GCC_PREPROCESSOR_DEFINITIONS = (
					"DEBUG=1",
					"$(inherited)",
				);
				GCC_SYMBOLS_PRIVATE_EXTERN = NO;
				GCC_WARN_64_TO_32_BIT_CONVERSION = YES;
				GCC_WARN_ABOUT_RETURN_TYPE = YES_ERROR;
				GCC_WARN_UNDECLARED_SELECTOR = YES;
				GCC_WARN_UNINITIALIZED_AUTOS = YES_AGGRESSIVE;
				GCC_WARN_UNUSED_FUNCTION = YES;
				GCC_WARN_UNUSED_VARIABLE = YES;
				IPHONEOS_DEPLOYMENT_TARGET = 8.1;
				MTL_ENABLE_DEBUG_INFO = YES;
				ONLY_ACTIVE_ARCH = YES;
				SDKROOT = iphoneos;
				SWIFT_OPTIMIZATION_LEVEL = "-Onone";
			};
			name = Debug;
		};
		D8011790198D64C200509A27 /* Release */ = {
			isa = XCBuildConfiguration;
			buildSettings = {
				ALWAYS_SEARCH_USER_PATHS = NO;
				CLANG_CXX_LANGUAGE_STANDARD = "gnu++0x";
				CLANG_CXX_LIBRARY = "libc++";
				CLANG_ENABLE_MODULES = YES;
				CLANG_ENABLE_OBJC_ARC = YES;
				CLANG_WARN_BOOL_CONVERSION = YES;
				CLANG_WARN_CONSTANT_CONVERSION = YES;
				CLANG_WARN_DIRECT_OBJC_ISA_USAGE = YES_ERROR;
				CLANG_WARN_EMPTY_BODY = YES;
				CLANG_WARN_ENUM_CONVERSION = YES;
				CLANG_WARN_INT_CONVERSION = YES;
				CLANG_WARN_OBJC_ROOT_CLASS = YES_ERROR;
				CLANG_WARN_UNREACHABLE_CODE = YES;
				CLANG_WARN__DUPLICATE_METHOD_MATCH = YES;
				"CODE_SIGN_IDENTITY[sdk=iphoneos*]" = "iPhone Developer";
				COPY_PHASE_STRIP = YES;
				ENABLE_NS_ASSERTIONS = NO;
				ENABLE_STRICT_OBJC_MSGSEND = YES;
				GCC_C_LANGUAGE_STANDARD = gnu99;
				GCC_WARN_64_TO_32_BIT_CONVERSION = YES;
				GCC_WARN_ABOUT_RETURN_TYPE = YES_ERROR;
				GCC_WARN_UNDECLARED_SELECTOR = YES;
				GCC_WARN_UNINITIALIZED_AUTOS = YES_AGGRESSIVE;
				GCC_WARN_UNUSED_FUNCTION = YES;
				GCC_WARN_UNUSED_VARIABLE = YES;
				IPHONEOS_DEPLOYMENT_TARGET = 8.1;
				MTL_ENABLE_DEBUG_INFO = NO;
				SDKROOT = iphoneos;
				VALIDATE_PRODUCT = YES;
			};
			name = Release;
		};
		D8011792198D64C200509A27 /* Debug */ = {
			isa = XCBuildConfiguration;
			baseConfigurationReference = C5645533FF61AB9CCF95D447 /* Pods-Freesurf.debug.xcconfig */;
			buildSettings = {
				ASSETCATALOG_COMPILER_APPICON_NAME = AppIcon;
				CODE_SIGN_ENTITLEMENTS = Freesurf/Freesurf.entitlements;
				CODE_SIGN_IDENTITY = "iPhone Developer";
				"CODE_SIGN_IDENTITY[sdk=iphoneos*]" = "iPhone Developer";
				INFOPLIST_FILE = "$(SRCROOT)/freesurf/Supporting Files/Info.plist";
				IPHONEOS_DEPLOYMENT_TARGET = 8.0;
				LD_RUNPATH_SEARCH_PATHS = "$(inherited) @executable_path/Frameworks";
				PRODUCT_BUNDLE_IDENTIFIER = "me.sahand.$(PRODUCT_NAME:rfc1034identifier)";
				PRODUCT_NAME = Freesurf;
				PROVISIONING_PROFILE = "";
				TARGETED_DEVICE_FAMILY = "1,2";
			};
			name = Debug;
		};
		D8011793198D64C200509A27 /* Release */ = {
			isa = XCBuildConfiguration;
			baseConfigurationReference = 4F42357909E7EA812AB154E3 /* Pods-Freesurf.release.xcconfig */;
			buildSettings = {
				ASSETCATALOG_COMPILER_APPICON_NAME = AppIcon;
				CODE_SIGN_ENTITLEMENTS = Freesurf/Freesurf.entitlements;
				CODE_SIGN_IDENTITY = "iPhone Developer";
				"CODE_SIGN_IDENTITY[sdk=iphoneos*]" = "iPhone Developer";
				INFOPLIST_FILE = "$(SRCROOT)/freesurf/Supporting Files/Info.plist";
				IPHONEOS_DEPLOYMENT_TARGET = 8.0;
				LD_RUNPATH_SEARCH_PATHS = "$(inherited) @executable_path/Frameworks";
				PRODUCT_BUNDLE_IDENTIFIER = "me.sahand.$(PRODUCT_NAME:rfc1034identifier)";
				PRODUCT_NAME = Freesurf;
				PROVISIONING_PROFILE = "";
				TARGETED_DEVICE_FAMILY = "1,2";
			};
			name = Release;
		};
		D8CA15801BA7E7A40017AF82 /* Debug */ = {
			isa = XCBuildConfiguration;
			buildSettings = {
				ASSETCATALOG_COMPILER_APPICON_NAME = AppIcon;
				CODE_SIGN_ENTITLEMENTS = FSWatchKit/FSWatchKit.entitlements;
				CODE_SIGN_IDENTITY = "iPhone Developer";
				"CODE_SIGN_IDENTITY[sdk=watchos*]" = "iPhone Developer";
				DEBUG_INFORMATION_FORMAT = dwarf;
				EMBEDDED_CONTENT_CONTAINS_SWIFT = YES;
				GCC_NO_COMMON_BLOCKS = YES;
				IBSC_MODULE = FSWatchKit_Extension;
				INFOPLIST_FILE = FSWatchKit/Info.plist;
				PRODUCT_BUNDLE_IDENTIFIER = me.sahand.Freesurf.watchkitapp;
				PRODUCT_NAME = "$(TARGET_NAME)";
				PROVISIONING_PROFILE = "";
				SDKROOT = watchos;
				SKIP_INSTALL = YES;
				TARGETED_DEVICE_FAMILY = 4;
				WATCHOS_DEPLOYMENT_TARGET = 2.0;
			};
			name = Debug;
		};
		D8CA15811BA7E7A40017AF82 /* Release */ = {
			isa = XCBuildConfiguration;
			buildSettings = {
				ASSETCATALOG_COMPILER_APPICON_NAME = AppIcon;
				CODE_SIGN_ENTITLEMENTS = FSWatchKit/FSWatchKit.entitlements;
				CODE_SIGN_IDENTITY = "iPhone Developer";
				"CODE_SIGN_IDENTITY[sdk=watchos*]" = "iPhone Developer";
				COPY_PHASE_STRIP = NO;
				DEBUG_INFORMATION_FORMAT = "dwarf-with-dsym";
				EMBEDDED_CONTENT_CONTAINS_SWIFT = YES;
				GCC_NO_COMMON_BLOCKS = YES;
				IBSC_MODULE = FSWatchKit_Extension;
				INFOPLIST_FILE = FSWatchKit/Info.plist;
				PRODUCT_BUNDLE_IDENTIFIER = me.sahand.Freesurf.watchkitapp;
				PRODUCT_NAME = "$(TARGET_NAME)";
				PROVISIONING_PROFILE = "";
				SDKROOT = watchos;
				SKIP_INSTALL = YES;
				TARGETED_DEVICE_FAMILY = 4;
				WATCHOS_DEPLOYMENT_TARGET = 2.0;
			};
			name = Release;
		};
		D8CA15821BA7E7A40017AF82 /* Debug */ = {
			isa = XCBuildConfiguration;
			baseConfigurationReference = 3344B5140C73A89983C244B1 /* Pods-FSWatchKit Extension.debug.xcconfig */;
			buildSettings = {
				ASSETCATALOG_COMPILER_COMPLICATION_NAME = Complication;
				CODE_SIGN_ENTITLEMENTS = "FSWatchKit Extension/FSWatchKit Extension.entitlements";
				CODE_SIGN_IDENTITY = "iPhone Developer";
				"CODE_SIGN_IDENTITY[sdk=watchos*]" = "iPhone Developer";
				DEBUG_INFORMATION_FORMAT = dwarf;
				GCC_NO_COMMON_BLOCKS = YES;
				INFOPLIST_FILE = "FSWatchKit Extension/Info.plist";
				LD_RUNPATH_SEARCH_PATHS = "$(inherited) @executable_path/Frameworks @executable_path/../../Frameworks";
				PRODUCT_BUNDLE_IDENTIFIER = me.sahand.Freesurf.watchkitapp.watchkitextension;
				PRODUCT_NAME = "${TARGET_NAME}";
				PROVISIONING_PROFILE = "";
				SDKROOT = watchos;
				SKIP_INSTALL = YES;
				TARGETED_DEVICE_FAMILY = 4;
				WATCHOS_DEPLOYMENT_TARGET = 2.0;
			};
			name = Debug;
		};
		D8CA15831BA7E7A40017AF82 /* Release */ = {
			isa = XCBuildConfiguration;
			baseConfigurationReference = 5D7835E548297477963A4875 /* Pods-FSWatchKit Extension.release.xcconfig */;
			buildSettings = {
				ASSETCATALOG_COMPILER_COMPLICATION_NAME = Complication;
				CODE_SIGN_ENTITLEMENTS = "FSWatchKit Extension/FSWatchKit Extension.entitlements";
				CODE_SIGN_IDENTITY = "iPhone Developer";
				"CODE_SIGN_IDENTITY[sdk=watchos*]" = "iPhone Developer";
				COPY_PHASE_STRIP = NO;
				DEBUG_INFORMATION_FORMAT = "dwarf-with-dsym";
				GCC_NO_COMMON_BLOCKS = YES;
				INFOPLIST_FILE = "FSWatchKit Extension/Info.plist";
				LD_RUNPATH_SEARCH_PATHS = "$(inherited) @executable_path/Frameworks @executable_path/../../Frameworks";
				PRODUCT_BUNDLE_IDENTIFIER = me.sahand.Freesurf.watchkitapp.watchkitextension;
				PRODUCT_NAME = "${TARGET_NAME}";
				PROVISIONING_PROFILE = "";
				SDKROOT = watchos;
				SKIP_INSTALL = YES;
				TARGETED_DEVICE_FAMILY = 4;
				WATCHOS_DEPLOYMENT_TARGET = 2.0;
			};
			name = Release;
		};
/* End XCBuildConfiguration section */

/* Begin XCConfigurationList section */
		D800FE8F1BA9076A0068AE5E /* Build configuration list for PBXNativeTarget "FreesurfTests" */ = {
			isa = XCConfigurationList;
			buildConfigurations = (
				D800FE901BA9076A0068AE5E /* Debug */,
				D800FE911BA9076A0068AE5E /* Release */,
			);
			defaultConfigurationIsVisible = 0;
			defaultConfigurationName = Release;
		};
		D8011770198D64C200509A27 /* Build configuration list for PBXProject "Freesurf" */ = {
			isa = XCConfigurationList;
			buildConfigurations = (
				D801178F198D64C200509A27 /* Debug */,
				D8011790198D64C200509A27 /* Release */,
			);
			defaultConfigurationIsVisible = 0;
			defaultConfigurationName = Release;
		};
		D8011791198D64C200509A27 /* Build configuration list for PBXNativeTarget "Freesurf" */ = {
			isa = XCConfigurationList;
			buildConfigurations = (
				D8011792198D64C200509A27 /* Debug */,
				D8011793198D64C200509A27 /* Release */,
			);
			defaultConfigurationIsVisible = 0;
			defaultConfigurationName = Release;
		};
		D8CA15841BA7E7A40017AF82 /* Build configuration list for PBXNativeTarget "FSWatchKit Extension" */ = {
			isa = XCConfigurationList;
			buildConfigurations = (
				D8CA15821BA7E7A40017AF82 /* Debug */,
				D8CA15831BA7E7A40017AF82 /* Release */,
			);
			defaultConfigurationIsVisible = 0;
			defaultConfigurationName = Release;
		};
		D8CA15861BA7E7A40017AF82 /* Build configuration list for PBXNativeTarget "FSWatchKit" */ = {
			isa = XCConfigurationList;
			buildConfigurations = (
				D8CA15801BA7E7A40017AF82 /* Debug */,
				D8CA15811BA7E7A40017AF82 /* Release */,
			);
			defaultConfigurationIsVisible = 0;
			defaultConfigurationName = Release;
		};
/* End XCConfigurationList section */
	};
	rootObject = D801176D198D64C200509A27 /* Project object */;
}
