// !$*UTF8*$!
{
	archiveVersion = 1;
	classes = {
	};
	objectVersion = 46;
	objects = {

/* Begin PBXBuildFile section */
		CDC72E715630C59D8EE354A3 /* Pods_Freesurf.framework in Frameworks */ = {isa = PBXBuildFile; fileRef = C20502A1D64331763AF8B8C7 /* Pods_Freesurf.framework */; settings = {ATTRIBUTES = (Weak, ); }; };
		D801177B198D64C200509A27 /* AppDelegate.swift in Sources */ = {isa = PBXBuildFile; fileRef = D801177A198D64C200509A27 /* AppDelegate.swift */; };
		D801B1641A3D172200C1751F /* DotCALayer.swift in Sources */ = {isa = PBXBuildFile; fileRef = D801B1621A3D172200C1751F /* DotCALayer.swift */; };
		D801B1651A3D172200C1751F /* LineChart.swift in Sources */ = {isa = PBXBuildFile; fileRef = D801B1631A3D172200C1751F /* LineChart.swift */; };
		D811E9201A06DD1200EF9035 /* SpotCell.swift in Sources */ = {isa = PBXBuildFile; fileRef = D811E91F1A06DD1200EF9035 /* SpotCell.swift */; };
		D818F3D3198EEE390098FE82 /* SpotLibrary.swift in Sources */ = {isa = PBXBuildFile; fileRef = D818F3D2198EEE390098FE82 /* SpotLibrary.swift */; };
		D81925661A48FE8600925B51 /* LICENSE2 in Resources */ = {isa = PBXBuildFile; fileRef = D81925651A48FE8600925B51 /* LICENSE2 */; };
		D82AACBE1A7EAB3D00D2ED5B /* DetailViewModel.swift in Sources */ = {isa = PBXBuildFile; fileRef = D82AACBD1A7EAB3D00D2ED5B /* DetailViewModel.swift */; };
		D82C59711A33E69600896BBA /* DetailViewController.swift in Sources */ = {isa = PBXBuildFile; fileRef = D82C59701A33E69600896BBA /* DetailViewController.swift */; };
		D84542871D8DDD84009753BD /* FooterView.swift in Sources */ = {isa = PBXBuildFile; fileRef = D84542861D8DDD84009753BD /* FooterView.swift */; };
		D84CF5A51D92022200170362 /* Colors.swift in Sources */ = {isa = PBXBuildFile; fileRef = D84CF5A41D92022200170362 /* Colors.swift */; };
		D84CF5A91D92057900170362 /* LightStatusBarSplitViewController.swift in Sources */ = {isa = PBXBuildFile; fileRef = D84CF5A81D92057900170362 /* LightStatusBarSplitViewController.swift */; };
		D84CF5AB1D92063100170362 /* ChartView.swift in Sources */ = {isa = PBXBuildFile; fileRef = D84CF5AA1D92063100170362 /* ChartView.swift */; };
		D85EBAC21D916A0D00CF00B8 /* HeightAndTemperatureView.swift in Sources */ = {isa = PBXBuildFile; fileRef = D85EBAC11D916A0D00CF00B8 /* HeightAndTemperatureView.swift */; };
		D85EBAC41D916EAA00CF00B8 /* ConditionsView.swift in Sources */ = {isa = PBXBuildFile; fileRef = D85EBAC31D916EAA00CF00B8 /* ConditionsView.swift */; };
		D86544EA1BA364B2000965DD /* Launch Screen.storyboard in Resources */ = {isa = PBXBuildFile; fileRef = D86544E91BA364B2000965DD /* Launch Screen.storyboard */; };
		D86F621D198F02DF0070B713 /* SpotsViewController.swift in Sources */ = {isa = PBXBuildFile; fileRef = D86F621C198F02DF0070B713 /* SpotsViewController.swift */; };
		D89BF3031D8E01AE0029F1C6 /* LPRTableView.swift in Sources */ = {isa = PBXBuildFile; fileRef = D89BF3021D8E01AE0029F1C6 /* LPRTableView.swift */; };
		D8A0427F1D8C9576000F3D45 /* Defaults.swift in Sources */ = {isa = PBXBuildFile; fileRef = D8A0427E1D8C9576000F3D45 /* Defaults.swift */; };
		D8A042811D8C98E7000F3D45 /* SpotData.swift in Sources */ = {isa = PBXBuildFile; fileRef = D8A042801D8C98E7000F3D45 /* SpotData.swift */; };
		D8A042851D8CAA38000F3D45 /* Spitcast.swift in Sources */ = {isa = PBXBuildFile; fileRef = D8A042841D8CAA38000F3D45 /* Spitcast.swift */; };
		D8B5681619C8914E000817AA /* threading.swift in Sources */ = {isa = PBXBuildFile; fileRef = D8B5681519C8914E000817AA /* threading.swift */; };
		D8B89E131A47BFE100BBEAD5 /* Images.xcassets in Resources */ = {isa = PBXBuildFile; fileRef = D8B89E121A47BFE100BBEAD5 /* Images.xcassets */; };
		D8C3A9381D8D977200776F87 /* Info.plist in Resources */ = {isa = PBXBuildFile; fileRef = D8011779198D64C200509A27 /* Info.plist */; };
		D8F6636519D5EF87000B062C /* search.swift in Sources */ = {isa = PBXBuildFile; fileRef = D8F6636419D5EF87000B062C /* search.swift */; };
		D8F6636919D5F14F000B062C /* SearchTableViewController.swift in Sources */ = {isa = PBXBuildFile; fileRef = D8F6636819D5F14F000B062C /* SearchTableViewController.swift */; };
/* End PBXBuildFile section */

/* Begin PBXCopyFilesBuildPhase section */
		D846B0D61A70438C0092BC85 /* Copy Framework */ = {
			isa = PBXCopyFilesBuildPhase;
			buildActionMask = 2147483647;
			dstPath = "";
			dstSubfolderSpec = 10;
			files = (
			);
			name = "Copy Framework";
			runOnlyForDeploymentPostprocessing = 0;
		};
/* End PBXCopyFilesBuildPhase section */

/* Begin PBXFileReference section */
		0B0ECAF0358CF1568AEA2C62 /* Pods_FreesurfTests.framework */ = {isa = PBXFileReference; explicitFileType = wrapper.framework; includeInIndex = 0; path = Pods_FreesurfTests.framework; sourceTree = BUILT_PRODUCTS_DIR; };
		197B834E5E7FF4511915A258 /* Pods-FreesurfTests.release.xcconfig */ = {isa = PBXFileReference; includeInIndex = 1; lastKnownFileType = text.xcconfig; name = "Pods-FreesurfTests.release.xcconfig"; path = "Pods/Target Support Files/Pods-FreesurfTests/Pods-FreesurfTests.release.xcconfig"; sourceTree = "<group>"; };
		4F42357909E7EA812AB154E3 /* Pods-Freesurf.release.xcconfig */ = {isa = PBXFileReference; includeInIndex = 1; lastKnownFileType = text.xcconfig; name = "Pods-Freesurf.release.xcconfig"; path = "Pods/Target Support Files/Pods-Freesurf/Pods-Freesurf.release.xcconfig"; sourceTree = "<group>"; };
		C20502A1D64331763AF8B8C7 /* Pods_Freesurf.framework */ = {isa = PBXFileReference; explicitFileType = wrapper.framework; includeInIndex = 0; path = Pods_Freesurf.framework; sourceTree = BUILT_PRODUCTS_DIR; };
		C3682627BB190CAD8B7347BB /* Pods-FreesurfTests.debug.xcconfig */ = {isa = PBXFileReference; includeInIndex = 1; lastKnownFileType = text.xcconfig; name = "Pods-FreesurfTests.debug.xcconfig"; path = "Pods/Target Support Files/Pods-FreesurfTests/Pods-FreesurfTests.debug.xcconfig"; sourceTree = "<group>"; };
		C5645533FF61AB9CCF95D447 /* Pods-Freesurf.debug.xcconfig */ = {isa = PBXFileReference; includeInIndex = 1; lastKnownFileType = text.xcconfig; name = "Pods-Freesurf.debug.xcconfig"; path = "Pods/Target Support Files/Pods-Freesurf/Pods-Freesurf.debug.xcconfig"; sourceTree = "<group>"; };
		D8011775198D64C200509A27 /* Freesurf.app */ = {isa = PBXFileReference; explicitFileType = wrapper.application; includeInIndex = 0; path = Freesurf.app; sourceTree = BUILT_PRODUCTS_DIR; };
		D8011779198D64C200509A27 /* Info.plist */ = {isa = PBXFileReference; lastKnownFileType = text.plist.xml; name = Info.plist; path = freesurf/Info.plist; sourceTree = "<group>"; };
		D801177A198D64C200509A27 /* AppDelegate.swift */ = {isa = PBXFileReference; lastKnownFileType = sourcecode.swift; name = AppDelegate.swift; path = Controllers/AppDelegate.swift; sourceTree = "<group>"; };
		D801B1621A3D172200C1751F /* DotCALayer.swift */ = {isa = PBXFileReference; fileEncoding = 4; lastKnownFileType = sourcecode.swift; path = DotCALayer.swift; sourceTree = "<group>"; };
		D801B1631A3D172200C1751F /* LineChart.swift */ = {isa = PBXFileReference; fileEncoding = 4; lastKnownFileType = sourcecode.swift; path = LineChart.swift; sourceTree = "<group>"; };
		D811E91F1A06DD1200EF9035 /* SpotCell.swift */ = {isa = PBXFileReference; fileEncoding = 4; lastKnownFileType = sourcecode.swift; name = SpotCell.swift; path = Models/SpotCell.swift; sourceTree = "<group>"; };
		D818F3D2198EEE390098FE82 /* SpotLibrary.swift */ = {isa = PBXFileReference; fileEncoding = 4; lastKnownFileType = sourcecode.swift; name = SpotLibrary.swift; path = Models/SpotLibrary.swift; sourceTree = "<group>"; };
		D81925651A48FE8600925B51 /* LICENSE2 */ = {isa = PBXFileReference; fileEncoding = 4; lastKnownFileType = text; path = LICENSE2; sourceTree = "<group>"; };
		D82AACBD1A7EAB3D00D2ED5B /* DetailViewModel.swift */ = {isa = PBXFileReference; fileEncoding = 4; lastKnownFileType = sourcecode.swift; name = DetailViewModel.swift; path = Models/DetailViewModel.swift; sourceTree = "<group>"; };
		D82C59701A33E69600896BBA /* DetailViewController.swift */ = {isa = PBXFileReference; fileEncoding = 4; lastKnownFileType = sourcecode.swift; name = DetailViewController.swift; path = Controllers/DetailViewController.swift; sourceTree = "<group>"; };
		D84542861D8DDD84009753BD /* FooterView.swift */ = {isa = PBXFileReference; fileEncoding = 4; lastKnownFileType = sourcecode.swift; name = FooterView.swift; path = Views/FooterView.swift; sourceTree = "<group>"; };
		D84CF5A41D92022200170362 /* Colors.swift */ = {isa = PBXFileReference; fileEncoding = 4; lastKnownFileType = sourcecode.swift; path = Colors.swift; sourceTree = "<group>"; };
		D84CF5A81D92057900170362 /* LightStatusBarSplitViewController.swift */ = {isa = PBXFileReference; fileEncoding = 4; lastKnownFileType = sourcecode.swift; path = LightStatusBarSplitViewController.swift; sourceTree = "<group>"; };
		D84CF5AA1D92063100170362 /* ChartView.swift */ = {isa = PBXFileReference; fileEncoding = 4; lastKnownFileType = sourcecode.swift; path = ChartView.swift; sourceTree = "<group>"; };
		D85EBAC11D916A0D00CF00B8 /* HeightAndTemperatureView.swift */ = {isa = PBXFileReference; fileEncoding = 4; lastKnownFileType = sourcecode.swift; path = HeightAndTemperatureView.swift; sourceTree = "<group>"; };
		D85EBAC31D916EAA00CF00B8 /* ConditionsView.swift */ = {isa = PBXFileReference; fileEncoding = 4; lastKnownFileType = sourcecode.swift; path = ConditionsView.swift; sourceTree = "<group>"; };
		D86544E91BA364B2000965DD /* Launch Screen.storyboard */ = {isa = PBXFileReference; fileEncoding = 4; lastKnownFileType = file.storyboard; name = "Launch Screen.storyboard"; path = "freesurf/Views/Launch Screen.storyboard"; sourceTree = "<group>"; };
		D86F621C198F02DF0070B713 /* SpotsViewController.swift */ = {isa = PBXFileReference; fileEncoding = 4; lastKnownFileType = sourcecode.swift; name = SpotsViewController.swift; path = Controllers/SpotsViewController.swift; sourceTree = "<group>"; };
		D89BF3021D8E01AE0029F1C6 /* LPRTableView.swift */ = {isa = PBXFileReference; fileEncoding = 4; lastKnownFileType = sourcecode.swift; name = LPRTableView.swift; path = Libraries/LPRTableView.swift; sourceTree = "<group>"; };
		D8A0427E1D8C9576000F3D45 /* Defaults.swift */ = {isa = PBXFileReference; fileEncoding = 4; lastKnownFileType = sourcecode.swift; path = Defaults.swift; sourceTree = "<group>"; };
		D8A042801D8C98E7000F3D45 /* SpotData.swift */ = {isa = PBXFileReference; fileEncoding = 4; lastKnownFileType = sourcecode.swift; name = SpotData.swift; path = Models/SpotData.swift; sourceTree = "<group>"; };
		D8A042841D8CAA38000F3D45 /* Spitcast.swift */ = {isa = PBXFileReference; fileEncoding = 4; lastKnownFileType = sourcecode.swift; path = Spitcast.swift; sourceTree = "<group>"; };
		D8B5681519C8914E000817AA /* threading.swift */ = {isa = PBXFileReference; fileEncoding = 4; lastKnownFileType = sourcecode.swift; name = threading.swift; path = Libraries/threading.swift; sourceTree = "<group>"; };
		D8B89E121A47BFE100BBEAD5 /* Images.xcassets */ = {isa = PBXFileReference; lastKnownFileType = folder.assetcatalog; name = Images.xcassets; path = freesurf/Images.xcassets; sourceTree = "<group>"; };
		D8F6636419D5EF87000B062C /* search.swift */ = {isa = PBXFileReference; fileEncoding = 4; lastKnownFileType = sourcecode.swift; name = search.swift; path = Libraries/search.swift; sourceTree = "<group>"; };
		D8F6636819D5F14F000B062C /* SearchTableViewController.swift */ = {isa = PBXFileReference; fileEncoding = 4; lastKnownFileType = sourcecode.swift; name = SearchTableViewController.swift; path = Controllers/SearchTableViewController.swift; sourceTree = "<group>"; };
/* End PBXFileReference section */

/* Begin PBXFrameworksBuildPhase section */
		D8011772198D64C200509A27 /* Frameworks */ = {
			isa = PBXFrameworksBuildPhase;
			buildActionMask = 2147483647;
			files = (
				CDC72E715630C59D8EE354A3 /* Pods_Freesurf.framework in Frameworks */,
			);
			runOnlyForDeploymentPostprocessing = 0;
		};
/* End PBXFrameworksBuildPhase section */

/* Begin PBXGroup section */
		3290522024CDFE37A8AE2273 /* Pods */ = {
			isa = PBXGroup;
			children = (
				C5645533FF61AB9CCF95D447 /* Pods-Freesurf.debug.xcconfig */,
				4F42357909E7EA812AB154E3 /* Pods-Freesurf.release.xcconfig */,
				C3682627BB190CAD8B7347BB /* Pods-FreesurfTests.debug.xcconfig */,
				197B834E5E7FF4511915A258 /* Pods-FreesurfTests.release.xcconfig */,
			);
			name = Pods;
			sourceTree = "<group>";
		};
		C39C92BDBC638E5CC39823D2 /* Frameworks */ = {
			isa = PBXGroup;
			children = (
				C20502A1D64331763AF8B8C7 /* Pods_Freesurf.framework */,
				0B0ECAF0358CF1568AEA2C62 /* Pods_FreesurfTests.framework */,
			);
			name = Frameworks;
			sourceTree = "<group>";
		};
		D801176C198D64C200509A27 = {
			isa = PBXGroup;
			children = (
				D8011777198D64C200509A27 /* freesurf */,
				D86544E91BA364B2000965DD /* Launch Screen.storyboard */,
				D8011779198D64C200509A27 /* Info.plist */,
				D8011776198D64C200509A27 /* Products */,
				D8B89E121A47BFE100BBEAD5 /* Images.xcassets */,
				3290522024CDFE37A8AE2273 /* Pods */,
				C39C92BDBC638E5CC39823D2 /* Frameworks */,
			);
			sourceTree = "<group>";
		};
		D8011776198D64C200509A27 /* Products */ = {
			isa = PBXGroup;
			children = (
				D8011775198D64C200509A27 /* Freesurf.app */,
			);
			name = Products;
			sourceTree = "<group>";
		};
		D8011777198D64C200509A27 /* freesurf */ = {
			isa = PBXGroup;
			children = (
				D85EBABF1D9169E600CF00B8 /* View families */,
				D8A0427D1D8C9569000F3D45 /* Configuration families */,
			);
			path = freesurf;
			sourceTree = "<group>";
		};
		D81925641A48FE5500925B51 /* LineChart */ = {
			isa = PBXGroup;
			children = (
				D81925651A48FE8600925B51 /* LICENSE2 */,
				D801B1621A3D172200C1751F /* DotCALayer.swift */,
				D801B1631A3D172200C1751F /* LineChart.swift */,
			);
			name = LineChart;
			path = Libraries/LineChart;
			sourceTree = "<group>";
		};
		D85EBABF1D9169E600CF00B8 /* View families */ = {
			isa = PBXGroup;
			children = (
				D8F114531D92A5CA00A1DF6E /* Spots */,
				D85EBAC01D9169EE00CF00B8 /* Detail */,
				D8F114541D92A61A00A1DF6E /* Search */,
				D89BF3021D8E01AE0029F1C6 /* LPRTableView.swift */,
				D84CF5A81D92057900170362 /* LightStatusBarSplitViewController.swift */,
			);
			name = "View families";
			sourceTree = "<group>";
		};
		D85EBAC01D9169EE00CF00B8 /* Detail */ = {
			isa = PBXGroup;
			children = (
				D82C59701A33E69600896BBA /* DetailViewController.swift */,
				D85EBAC11D916A0D00CF00B8 /* HeightAndTemperatureView.swift */,
				D85EBAC31D916EAA00CF00B8 /* ConditionsView.swift */,
				D84CF5AA1D92063100170362 /* ChartView.swift */,
			);
			name = Detail;
			sourceTree = "<group>";
		};
		D8A0427D1D8C9569000F3D45 /* Configuration families */ = {
			isa = PBXGroup;
			children = (
				D801177A198D64C200509A27 /* AppDelegate.swift */,
				D84CF5A41D92022200170362 /* Colors.swift */,
				D8A0427E1D8C9576000F3D45 /* Defaults.swift */,
				D82AACBD1A7EAB3D00D2ED5B /* DetailViewModel.swift */,
				D81925641A48FE5500925B51 /* LineChart */,
				D8F6636419D5EF87000B062C /* search.swift */,
				D8A042841D8CAA38000F3D45 /* Spitcast.swift */,
				D818F3D2198EEE390098FE82 /* SpotLibrary.swift */,
				D8A042801D8C98E7000F3D45 /* SpotData.swift */,
				D8B5681519C8914E000817AA /* threading.swift */,
			);
			name = "Configuration families";
			sourceTree = "<group>";
		};
		D8F114531D92A5CA00A1DF6E /* Spots */ = {
			isa = PBXGroup;
			children = (
				D86F621C198F02DF0070B713 /* SpotsViewController.swift */,
				D811E91F1A06DD1200EF9035 /* SpotCell.swift */,
				D84542861D8DDD84009753BD /* FooterView.swift */,
			);
			name = Spots;
			sourceTree = "<group>";
		};
		D8F114541D92A61A00A1DF6E /* Search */ = {
			isa = PBXGroup;
			children = (
				D8F6636819D5F14F000B062C /* SearchTableViewController.swift */,
			);
			name = Search;
			sourceTree = "<group>";
		};
/* End PBXGroup section */

/* Begin PBXNativeTarget section */
		D8011774198D64C200509A27 /* Freesurf */ = {
			isa = PBXNativeTarget;
			buildConfigurationList = D8011791198D64C200509A27 /* Build configuration list for PBXNativeTarget "Freesurf" */;
			buildPhases = (
				BC9AAE6134438C1281777978 /* [CP] Check Pods Manifest.lock */,
				D8011771198D64C200509A27 /* Sources */,
				D8011772198D64C200509A27 /* Frameworks */,
				D8011773198D64C200509A27 /* Resources */,
				D846B0D61A70438C0092BC85 /* Copy Framework */,
				780C55BA86C7EE588DC92B75 /* [CP] Embed Pods Frameworks */,
				42DB404B4362507CC29E00A6 /* [CP] Copy Pods Resources */,
			);
			buildRules = (
			);
			dependencies = (
			);
			name = Freesurf;
			productName = thewaves;
			productReference = D8011775198D64C200509A27 /* Freesurf.app */;
			productType = "com.apple.product-type.application";
		};
/* End PBXNativeTarget section */

/* Begin PBXProject section */
		D801176D198D64C200509A27 /* Project object */ = {
			isa = PBXProject;
			attributes = {
				LastSwiftMigration = 0700;
				LastSwiftUpdateCheck = 0700;
				LastUpgradeCheck = 0800;
				ORGANIZATIONNAME = "Sahand Nayebaziz";
				TargetAttributes = {
					D8011774198D64C200509A27 = {
						CreatedOnToolsVersion = 6.0;
						DevelopmentTeam = 3WQTW95Z2J;
						LastSwiftMigration = 0800;
					};
				};
			};
			buildConfigurationList = D8011770198D64C200509A27 /* Build configuration list for PBXProject "Freesurf" */;
			compatibilityVersion = "Xcode 3.2";
			developmentRegion = English;
			hasScannedForEncodings = 0;
			knownRegions = (
				en,
				Base,
			);
			mainGroup = D801176C198D64C200509A27;
			productRefGroup = D8011776198D64C200509A27 /* Products */;
			projectDirPath = "";
			projectRoot = "";
			targets = (
				D8011774198D64C200509A27 /* Freesurf */,
			);
		};
/* End PBXProject section */

/* Begin PBXResourcesBuildPhase section */
		D8011773198D64C200509A27 /* Resources */ = {
			isa = PBXResourcesBuildPhase;
			buildActionMask = 2147483647;
			files = (
				D81925661A48FE8600925B51 /* LICENSE2 in Resources */,
				D8B89E131A47BFE100BBEAD5 /* Images.xcassets in Resources */,
				D8C3A9381D8D977200776F87 /* Info.plist in Resources */,
				D86544EA1BA364B2000965DD /* Launch Screen.storyboard in Resources */,
			);
			runOnlyForDeploymentPostprocessing = 0;
		};
/* End PBXResourcesBuildPhase section */

/* Begin PBXShellScriptBuildPhase section */
		42DB404B4362507CC29E00A6 /* [CP] Copy Pods Resources */ = {
			isa = PBXShellScriptBuildPhase;
			buildActionMask = 2147483647;
			files = (
			);
			inputPaths = (
			);
			name = "[CP] Copy Pods Resources";
			outputPaths = (
			);
			runOnlyForDeploymentPostprocessing = 0;
			shellPath = /bin/sh;
			shellScript = "\"${SRCROOT}/Pods/Target Support Files/Pods-Freesurf/Pods-Freesurf-resources.sh\"\n";
			showEnvVarsInLog = 0;
		};
		780C55BA86C7EE588DC92B75 /* [CP] Embed Pods Frameworks */ = {
			isa = PBXShellScriptBuildPhase;
			buildActionMask = 2147483647;
			files = (
			);
			inputPaths = (
			);
			name = "[CP] Embed Pods Frameworks";
			outputPaths = (
			);
			runOnlyForDeploymentPostprocessing = 0;
			shellPath = /bin/sh;
			shellScript = "\"${SRCROOT}/Pods/Target Support Files/Pods-Freesurf/Pods-Freesurf-frameworks.sh\"\n";
			showEnvVarsInLog = 0;
		};
		BC9AAE6134438C1281777978 /* [CP] Check Pods Manifest.lock */ = {
			isa = PBXShellScriptBuildPhase;
			buildActionMask = 2147483647;
			files = (
			);
			inputPaths = (
			);
			name = "[CP] Check Pods Manifest.lock";
			outputPaths = (
			);
			runOnlyForDeploymentPostprocessing = 0;
			shellPath = /bin/sh;
			shellScript = "diff \"${PODS_ROOT}/../Podfile.lock\" \"${PODS_ROOT}/Manifest.lock\" > /dev/null\nif [ $? != 0 ] ; then\n    # print error to STDERR\n    echo \"error: The sandbox is not in sync with the Podfile.lock. Run 'pod install' or update your CocoaPods installation.\" >&2\n    exit 1\nfi\n";
			showEnvVarsInLog = 0;
		};
/* End PBXShellScriptBuildPhase section */

/* Begin PBXSourcesBuildPhase section */
		D8011771198D64C200509A27 /* Sources */ = {
			isa = PBXSourcesBuildPhase;
			buildActionMask = 2147483647;
			files = (
				D85EBAC21D916A0D00CF00B8 /* HeightAndTemperatureView.swift in Sources */,
				D86F621D198F02DF0070B713 /* SpotsViewController.swift in Sources */,
				D8A0427F1D8C9576000F3D45 /* Defaults.swift in Sources */,
				D818F3D3198EEE390098FE82 /* SpotLibrary.swift in Sources */,
				D84542871D8DDD84009753BD /* FooterView.swift in Sources */,
				D8B5681619C8914E000817AA /* threading.swift in Sources */,
				D8F6636919D5F14F000B062C /* SearchTableViewController.swift in Sources */,
				D8F6636519D5EF87000B062C /* search.swift in Sources */,
				D801B1641A3D172200C1751F /* DotCALayer.swift in Sources */,
				D801B1651A3D172200C1751F /* LineChart.swift in Sources */,
				D84CF5A91D92057900170362 /* LightStatusBarSplitViewController.swift in Sources */,
				D8A042851D8CAA38000F3D45 /* Spitcast.swift in Sources */,
				D8A042811D8C98E7000F3D45 /* SpotData.swift in Sources */,
				D84CF5A51D92022200170362 /* Colors.swift in Sources */,
				D801177B198D64C200509A27 /* AppDelegate.swift in Sources */,
				D82C59711A33E69600896BBA /* DetailViewController.swift in Sources */,
				D85EBAC41D916EAA00CF00B8 /* ConditionsView.swift in Sources */,
				D84CF5AB1D92063100170362 /* ChartView.swift in Sources */,
				D811E9201A06DD1200EF9035 /* SpotCell.swift in Sources */,
				D89BF3031D8E01AE0029F1C6 /* LPRTableView.swift in Sources */,
				D82AACBE1A7EAB3D00D2ED5B /* DetailViewModel.swift in Sources */,
			);
			runOnlyForDeploymentPostprocessing = 0;
		};
/* End PBXSourcesBuildPhase section */

/* Begin XCBuildConfiguration section */
		D801178F198D64C200509A27 /* Debug */ = {
			isa = XCBuildConfiguration;
			buildSettings = {
				ALWAYS_SEARCH_USER_PATHS = NO;
				CLANG_CXX_LANGUAGE_STANDARD = "gnu++0x";
				CLANG_CXX_LIBRARY = "libc++";
				CLANG_ENABLE_MODULES = YES;
				CLANG_ENABLE_OBJC_ARC = YES;
				CLANG_WARN_BOOL_CONVERSION = YES;
				CLANG_WARN_CONSTANT_CONVERSION = YES;
				CLANG_WARN_DIRECT_OBJC_ISA_USAGE = YES_ERROR;
				CLANG_WARN_EMPTY_BODY = YES;
				CLANG_WARN_ENUM_CONVERSION = YES;
				CLANG_WARN_INFINITE_RECURSION = YES;
				CLANG_WARN_INT_CONVERSION = YES;
				CLANG_WARN_OBJC_ROOT_CLASS = YES_ERROR;
				CLANG_WARN_SUSPICIOUS_MOVE = YES;
				CLANG_WARN_UNREACHABLE_CODE = YES;
				CLANG_WARN__DUPLICATE_METHOD_MATCH = YES;
				"CODE_SIGN_IDENTITY[sdk=iphoneos*]" = "iPhone Developer";
				COPY_PHASE_STRIP = NO;
				CURRENT_PROJECT_VERSION = 2;
				ENABLE_STRICT_OBJC_MSGSEND = YES;
				ENABLE_TESTABILITY = YES;
				GCC_C_LANGUAGE_STANDARD = gnu99;
				GCC_DYNAMIC_NO_PIC = NO;
				GCC_NO_COMMON_BLOCKS = YES;
				GCC_OPTIMIZATION_LEVEL = 0;
				GCC_PREPROCESSOR_DEFINITIONS = (
					"DEBUG=1",
					"$(inherited)",
				);
				GCC_SYMBOLS_PRIVATE_EXTERN = NO;
				GCC_WARN_64_TO_32_BIT_CONVERSION = YES;
				GCC_WARN_ABOUT_RETURN_TYPE = YES_ERROR;
				GCC_WARN_UNDECLARED_SELECTOR = YES;
				GCC_WARN_UNINITIALIZED_AUTOS = YES_AGGRESSIVE;
				GCC_WARN_UNUSED_FUNCTION = NO;
				GCC_WARN_UNUSED_VARIABLE = YES;
				IPHONEOS_DEPLOYMENT_TARGET = 8.1;
				MTL_ENABLE_DEBUG_INFO = YES;
				ONLY_ACTIVE_ARCH = YES;
				SDKROOT = iphoneos;
				SWIFT_OPTIMIZATION_LEVEL = "-Onone";
				VERSIONING_SYSTEM = "apple-generic";
			};
			name = Debug;
		};
		D8011790198D64C200509A27 /* Release */ = {
			isa = XCBuildConfiguration;
			buildSettings = {
				ALWAYS_SEARCH_USER_PATHS = NO;
				CLANG_CXX_LANGUAGE_STANDARD = "gnu++0x";
				CLANG_CXX_LIBRARY = "libc++";
				CLANG_ENABLE_MODULES = YES;
				CLANG_ENABLE_OBJC_ARC = YES;
				CLANG_WARN_BOOL_CONVERSION = YES;
				CLANG_WARN_CONSTANT_CONVERSION = YES;
				CLANG_WARN_DIRECT_OBJC_ISA_USAGE = YES_ERROR;
				CLANG_WARN_EMPTY_BODY = YES;
				CLANG_WARN_ENUM_CONVERSION = YES;
				CLANG_WARN_INFINITE_RECURSION = YES;
				CLANG_WARN_INT_CONVERSION = YES;
				CLANG_WARN_OBJC_ROOT_CLASS = YES_ERROR;
				CLANG_WARN_SUSPICIOUS_MOVE = YES;
				CLANG_WARN_UNREACHABLE_CODE = YES;
				CLANG_WARN__DUPLICATE_METHOD_MATCH = YES;
				"CODE_SIGN_IDENTITY[sdk=iphoneos*]" = "iPhone Developer";
				COPY_PHASE_STRIP = YES;
				CURRENT_PROJECT_VERSION = 2;
				ENABLE_NS_ASSERTIONS = NO;
				ENABLE_STRICT_OBJC_MSGSEND = YES;
				GCC_C_LANGUAGE_STANDARD = gnu99;
				GCC_NO_COMMON_BLOCKS = YES;
				GCC_WARN_64_TO_32_BIT_CONVERSION = YES;
				GCC_WARN_ABOUT_RETURN_TYPE = YES_ERROR;
				GCC_WARN_UNDECLARED_SELECTOR = YES;
				GCC_WARN_UNINITIALIZED_AUTOS = YES_AGGRESSIVE;
				GCC_WARN_UNUSED_FUNCTION = NO;
				GCC_WARN_UNUSED_VARIABLE = YES;
				IPHONEOS_DEPLOYMENT_TARGET = 8.1;
				MTL_ENABLE_DEBUG_INFO = NO;
				SDKROOT = iphoneos;
				SWIFT_OPTIMIZATION_LEVEL = "-Owholemodule";
				VALIDATE_PRODUCT = YES;
				VERSIONING_SYSTEM = "apple-generic";
			};
			name = Release;
		};
		D8011792198D64C200509A27 /* Debug */ = {
			isa = XCBuildConfiguration;
			baseConfigurationReference = C5645533FF61AB9CCF95D447 /* Pods-Freesurf.debug.xcconfig */;
			buildSettings = {
				ALWAYS_EMBED_SWIFT_STANDARD_LIBRARIES = YES;
				ASSETCATALOG_COMPILER_APPICON_NAME = AppIcon;
				CODE_SIGN_IDENTITY = "iPhone Developer";
				CURRENT_PROJECT_VERSION = 2;
				INFOPLIST_FILE = freesurf/Info.plist;
				IPHONEOS_DEPLOYMENT_TARGET = 9.0;
				LD_RUNPATH_SEARCH_PATHS = "$(inherited) @executable_path/Frameworks";
				PRODUCT_BUNDLE_IDENTIFIER = "me.sahand.$(PRODUCT_NAME:rfc1034identifier)";
				PRODUCT_NAME = Freesurf;
				SWIFT_VERSION = 3.0;
				TARGETED_DEVICE_FAMILY = "1,2";
				VERSIONING_SYSTEM = "apple-generic";
			};
			name = Debug;
		};
		D8011793198D64C200509A27 /* Release */ = {
			isa = XCBuildConfiguration;
			baseConfigurationReference = 4F42357909E7EA812AB154E3 /* Pods-Freesurf.release.xcconfig */;
			buildSettings = {
				ALWAYS_EMBED_SWIFT_STANDARD_LIBRARIES = YES;
				ASSETCATALOG_COMPILER_APPICON_NAME = AppIcon;
				CODE_SIGN_IDENTITY = "iPhone Developer";
				CURRENT_PROJECT_VERSION = 2;
				INFOPLIST_FILE = freesurf/Info.plist;
				IPHONEOS_DEPLOYMENT_TARGET = 9.0;
				LD_RUNPATH_SEARCH_PATHS = "$(inherited) @executable_path/Frameworks";
				PRODUCT_BUNDLE_IDENTIFIER = "me.sahand.$(PRODUCT_NAME:rfc1034identifier)";
				PRODUCT_NAME = Freesurf;
				SWIFT_VERSION = 3.0;
				TARGETED_DEVICE_FAMILY = "1,2";
				VERSIONING_SYSTEM = "apple-generic";
			};
			name = Release;
		};
/* End XCBuildConfiguration section */

/* Begin XCConfigurationList section */
		D8011770198D64C200509A27 /* Build configuration list for PBXProject "Freesurf" */ = {
			isa = XCConfigurationList;
			buildConfigurations = (
				D801178F198D64C200509A27 /* Debug */,
				D8011790198D64C200509A27 /* Release */,
			);
			defaultConfigurationIsVisible = 0;
			defaultConfigurationName = Release;
		};
		D8011791198D64C200509A27 /* Build configuration list for PBXNativeTarget "Freesurf" */ = {
			isa = XCConfigurationList;
			buildConfigurations = (
				D8011792198D64C200509A27 /* Debug */,
				D8011793198D64C200509A27 /* Release */,
			);
			defaultConfigurationIsVisible = 0;
			defaultConfigurationName = Release;
		};
/* End XCConfigurationList section */
	};
	rootObject = D801176D198D64C200509A27 /* Project object */;
}
